
Microsoft Visual Studio Solution File, Format Version 12.00
# Visual Studio Version 16
VisualStudioVersion = 16.0.30709.132
MinimumVisualStudioVersion = 10.0.40219.1
Project("{9A19103F-16F7-4668-BE54-9A1E7A4F7556}") = "WizBulb", "WizBulb\WizBulb.csproj", "{ABA7002F-5C9D-4D78-B167-EBB25706B3AB}"
EndProject
Project("{2150E333-8FDC-42A3-9474-1A3956D46DE8}") = "DataTools", "DataTools", "{47779BB9-848A-4D16-9ED5-C9F15720D3FF}"
EndProject
Project("{2150E333-8FDC-42A3-9474-1A3956D46DE8}") = "Wiz", "Wiz", "{8504AAF8-EB4C-4EE7-9DB0-AF727E9420CA}"
EndProject
Project("{9A19103F-16F7-4668-BE54-9A1E7A4F7556}") = "DataTools", "DataTools5\DataTools\DataTools.csproj", "{36DE43F7-134F-4A18-BE76-0650AC8EBC1C}"
EndProject
Project("{9A19103F-16F7-4668-BE54-9A1E7A4F7556}") = "DataTools.Hardware", "DataTools5\DataTools.Hardware\DataTools.Hardware.csproj", "{3826F90D-1094-4BFC-8874-ED44B403D3D4}"
EndProject
Project("{9A19103F-16F7-4668-BE54-9A1E7A4F7556}") = "DataTools.ColorControls", "DataTools5\DataTools.ColorControls\DataTools.ColorControls.csproj", "{2A39E5B1-BA5B-4AEC-8077-27CBBBDC3014}"
EndProject
Project("{FAE04EC0-301F-11D3-BF4B-00C04F79EFBC}") = "WizUWP", "WizUWP\WizUWP.csproj", "{B1A66E6B-EAD8-44EE-9839-F910E6F62BA4}"
EndProject
Project("{9A19103F-16F7-4668-BE54-9A1E7A4F7556}") = "WiZ", "WiZ\WiZ.csproj", "{BF3D0026-AB4D-4D9A-ABFA-338E0212481C}"
EndProject
Project("{9A19103F-16F7-4668-BE54-9A1E7A4F7556}") = "DataTools.Win32", "DataTools5\DataTools.Win32\DataTools.Win32.csproj", "{ACE4D521-BFB2-471A-B0DF-9C45BC7C5704}"
EndProject
Project("{9A19103F-16F7-4668-BE54-9A1E7A4F7556}") = "DataTools.Win32.Memory", "DataTools5\DataTools.Win32.Memory\DataTools.Win32.Memory.csproj", "{9DA87286-DDD4-4AE0-954E-0F89669F0A92}"
EndProject
Project("{9A19103F-16F7-4668-BE54-9A1E7A4F7556}") = "DataTools.Graphics", "DataTools5\DataTools.Graphics\DataTools.Graphics.csproj", "{4111BD37-1783-41DB-97B6-37162CB941F1}"
EndProject
Project("{FAE04EC0-301F-11D3-BF4B-00C04F79EFBC}") = "MessageBoxEx", "..\MessageBoxEx\MessageBoxEx\MessageBoxEx.csproj", "{37A2537D-70C6-4A26-B6C6-CBC6A2D6CA75}"
EndProject
Global
	GlobalSection(SolutionConfigurationPlatforms) = preSolution
		Debug|Any CPU = Debug|Any CPU
		Debug|ARM = Debug|ARM
		Debug|ARM64 = Debug|ARM64
		Debug|x64 = Debug|x64
		Debug|x86 = Debug|x86
		Pack|Any CPU = Pack|Any CPU
		Pack|ARM = Pack|ARM
		Pack|ARM64 = Pack|ARM64
		Pack|x64 = Pack|x64
		Pack|x86 = Pack|x86
		Release|Any CPU = Release|Any CPU
		Release|ARM = Release|ARM
		Release|ARM64 = Release|ARM64
		Release|x64 = Release|x64
		Release|x86 = Release|x86
	EndGlobalSection
	GlobalSection(ProjectConfigurationPlatforms) = postSolution
		{ABA7002F-5C9D-4D78-B167-EBB25706B3AB}.Debug|Any CPU.ActiveCfg = Debug|Any CPU
		{ABA7002F-5C9D-4D78-B167-EBB25706B3AB}.Debug|Any CPU.Build.0 = Debug|Any CPU
		{ABA7002F-5C9D-4D78-B167-EBB25706B3AB}.Debug|ARM.ActiveCfg = Debug|Any CPU
		{ABA7002F-5C9D-4D78-B167-EBB25706B3AB}.Debug|ARM.Build.0 = Debug|Any CPU
		{ABA7002F-5C9D-4D78-B167-EBB25706B3AB}.Debug|ARM64.ActiveCfg = Debug|Any CPU
		{ABA7002F-5C9D-4D78-B167-EBB25706B3AB}.Debug|ARM64.Build.0 = Debug|Any CPU
		{ABA7002F-5C9D-4D78-B167-EBB25706B3AB}.Debug|x64.ActiveCfg = Debug|x64
		{ABA7002F-5C9D-4D78-B167-EBB25706B3AB}.Debug|x64.Build.0 = Debug|x64
		{ABA7002F-5C9D-4D78-B167-EBB25706B3AB}.Debug|x86.ActiveCfg = Debug|Any CPU
		{ABA7002F-5C9D-4D78-B167-EBB25706B3AB}.Debug|x86.Build.0 = Debug|Any CPU
		{ABA7002F-5C9D-4D78-B167-EBB25706B3AB}.Pack|Any CPU.ActiveCfg = Release|Any CPU
		{ABA7002F-5C9D-4D78-B167-EBB25706B3AB}.Pack|Any CPU.Build.0 = Release|Any CPU
		{ABA7002F-5C9D-4D78-B167-EBB25706B3AB}.Pack|ARM.ActiveCfg = Release|Any CPU
		{ABA7002F-5C9D-4D78-B167-EBB25706B3AB}.Pack|ARM.Build.0 = Release|Any CPU
		{ABA7002F-5C9D-4D78-B167-EBB25706B3AB}.Pack|ARM64.ActiveCfg = Release|Any CPU
		{ABA7002F-5C9D-4D78-B167-EBB25706B3AB}.Pack|ARM64.Build.0 = Release|Any CPU
		{ABA7002F-5C9D-4D78-B167-EBB25706B3AB}.Pack|x64.ActiveCfg = Release|x64
		{ABA7002F-5C9D-4D78-B167-EBB25706B3AB}.Pack|x64.Build.0 = Release|x64
		{ABA7002F-5C9D-4D78-B167-EBB25706B3AB}.Pack|x86.ActiveCfg = Debug|x86
		{ABA7002F-5C9D-4D78-B167-EBB25706B3AB}.Pack|x86.Build.0 = Debug|x86
		{ABA7002F-5C9D-4D78-B167-EBB25706B3AB}.Release|Any CPU.ActiveCfg = Release|Any CPU
		{ABA7002F-5C9D-4D78-B167-EBB25706B3AB}.Release|Any CPU.Build.0 = Release|Any CPU
		{ABA7002F-5C9D-4D78-B167-EBB25706B3AB}.Release|ARM.ActiveCfg = Release|Any CPU
		{ABA7002F-5C9D-4D78-B167-EBB25706B3AB}.Release|ARM.Build.0 = Release|Any CPU
		{ABA7002F-5C9D-4D78-B167-EBB25706B3AB}.Release|ARM64.ActiveCfg = Release|Any CPU
		{ABA7002F-5C9D-4D78-B167-EBB25706B3AB}.Release|ARM64.Build.0 = Release|Any CPU
		{ABA7002F-5C9D-4D78-B167-EBB25706B3AB}.Release|x64.ActiveCfg = Release|Any CPU
		{ABA7002F-5C9D-4D78-B167-EBB25706B3AB}.Release|x64.Build.0 = Release|Any CPU
		{ABA7002F-5C9D-4D78-B167-EBB25706B3AB}.Release|x86.ActiveCfg = Release|Any CPU
		{ABA7002F-5C9D-4D78-B167-EBB25706B3AB}.Release|x86.Build.0 = Release|Any CPU
		{36DE43F7-134F-4A18-BE76-0650AC8EBC1C}.Debug|Any CPU.ActiveCfg = Debug|Any CPU
		{36DE43F7-134F-4A18-BE76-0650AC8EBC1C}.Debug|Any CPU.Build.0 = Debug|Any CPU
		{36DE43F7-134F-4A18-BE76-0650AC8EBC1C}.Debug|ARM.ActiveCfg = Debug|Any CPU
		{36DE43F7-134F-4A18-BE76-0650AC8EBC1C}.Debug|ARM.Build.0 = Debug|Any CPU
		{36DE43F7-134F-4A18-BE76-0650AC8EBC1C}.Debug|ARM64.ActiveCfg = Debug|Any CPU
		{36DE43F7-134F-4A18-BE76-0650AC8EBC1C}.Debug|ARM64.Build.0 = Debug|Any CPU
		{36DE43F7-134F-4A18-BE76-0650AC8EBC1C}.Debug|x64.ActiveCfg = Debug|Any CPU
		{36DE43F7-134F-4A18-BE76-0650AC8EBC1C}.Debug|x64.Build.0 = Debug|Any CPU
		{36DE43F7-134F-4A18-BE76-0650AC8EBC1C}.Debug|x86.ActiveCfg = Debug|x86
		{36DE43F7-134F-4A18-BE76-0650AC8EBC1C}.Debug|x86.Build.0 = Debug|x86
		{36DE43F7-134F-4A18-BE76-0650AC8EBC1C}.Pack|Any CPU.ActiveCfg = Release|Any CPU
		{36DE43F7-134F-4A18-BE76-0650AC8EBC1C}.Pack|Any CPU.Build.0 = Release|Any CPU
		{36DE43F7-134F-4A18-BE76-0650AC8EBC1C}.Pack|ARM.ActiveCfg = Release|Any CPU
		{36DE43F7-134F-4A18-BE76-0650AC8EBC1C}.Pack|ARM.Build.0 = Release|Any CPU
		{36DE43F7-134F-4A18-BE76-0650AC8EBC1C}.Pack|ARM64.ActiveCfg = Release|Any CPU
		{36DE43F7-134F-4A18-BE76-0650AC8EBC1C}.Pack|ARM64.Build.0 = Release|Any CPU
		{36DE43F7-134F-4A18-BE76-0650AC8EBC1C}.Pack|x64.ActiveCfg = Release|x64
		{36DE43F7-134F-4A18-BE76-0650AC8EBC1C}.Pack|x64.Build.0 = Release|x64
		{36DE43F7-134F-4A18-BE76-0650AC8EBC1C}.Pack|x86.ActiveCfg = Release|x86
		{36DE43F7-134F-4A18-BE76-0650AC8EBC1C}.Pack|x86.Build.0 = Release|x86
		{36DE43F7-134F-4A18-BE76-0650AC8EBC1C}.Release|Any CPU.ActiveCfg = Release|Any CPU
		{36DE43F7-134F-4A18-BE76-0650AC8EBC1C}.Release|Any CPU.Build.0 = Release|Any CPU
		{36DE43F7-134F-4A18-BE76-0650AC8EBC1C}.Release|ARM.ActiveCfg = Release|Any CPU
		{36DE43F7-134F-4A18-BE76-0650AC8EBC1C}.Release|ARM.Build.0 = Release|Any CPU
		{36DE43F7-134F-4A18-BE76-0650AC8EBC1C}.Release|ARM64.ActiveCfg = Release|Any CPU
		{36DE43F7-134F-4A18-BE76-0650AC8EBC1C}.Release|ARM64.Build.0 = Release|Any CPU
		{36DE43F7-134F-4A18-BE76-0650AC8EBC1C}.Release|x64.ActiveCfg = Release|x64
		{36DE43F7-134F-4A18-BE76-0650AC8EBC1C}.Release|x64.Build.0 = Release|x64
		{36DE43F7-134F-4A18-BE76-0650AC8EBC1C}.Release|x86.ActiveCfg = Release|x86
		{36DE43F7-134F-4A18-BE76-0650AC8EBC1C}.Release|x86.Build.0 = Release|x86
		{3826F90D-1094-4BFC-8874-ED44B403D3D4}.Debug|Any CPU.ActiveCfg = Debug|Any CPU
		{3826F90D-1094-4BFC-8874-ED44B403D3D4}.Debug|Any CPU.Build.0 = Debug|Any CPU
		{3826F90D-1094-4BFC-8874-ED44B403D3D4}.Debug|ARM.ActiveCfg = Debug|Any CPU
		{3826F90D-1094-4BFC-8874-ED44B403D3D4}.Debug|ARM.Build.0 = Debug|Any CPU
		{3826F90D-1094-4BFC-8874-ED44B403D3D4}.Debug|ARM64.ActiveCfg = Debug|Any CPU
		{3826F90D-1094-4BFC-8874-ED44B403D3D4}.Debug|ARM64.Build.0 = Debug|Any CPU
		{3826F90D-1094-4BFC-8874-ED44B403D3D4}.Debug|x64.ActiveCfg = Debug|Any CPU
		{3826F90D-1094-4BFC-8874-ED44B403D3D4}.Debug|x64.Build.0 = Debug|Any CPU
		{3826F90D-1094-4BFC-8874-ED44B403D3D4}.Debug|x86.ActiveCfg = Debug|x86
		{3826F90D-1094-4BFC-8874-ED44B403D3D4}.Debug|x86.Build.0 = Debug|x86
		{3826F90D-1094-4BFC-8874-ED44B403D3D4}.Pack|Any CPU.ActiveCfg = Release|Any CPU
		{3826F90D-1094-4BFC-8874-ED44B403D3D4}.Pack|Any CPU.Build.0 = Release|Any CPU
		{3826F90D-1094-4BFC-8874-ED44B403D3D4}.Pack|ARM.ActiveCfg = Release|Any CPU
		{3826F90D-1094-4BFC-8874-ED44B403D3D4}.Pack|ARM.Build.0 = Release|Any CPU
		{3826F90D-1094-4BFC-8874-ED44B403D3D4}.Pack|ARM64.ActiveCfg = Release|Any CPU
		{3826F90D-1094-4BFC-8874-ED44B403D3D4}.Pack|ARM64.Build.0 = Release|Any CPU
		{3826F90D-1094-4BFC-8874-ED44B403D3D4}.Pack|x64.ActiveCfg = Debug|x64
		{3826F90D-1094-4BFC-8874-ED44B403D3D4}.Pack|x64.Build.0 = Debug|x64
		{3826F90D-1094-4BFC-8874-ED44B403D3D4}.Pack|x86.ActiveCfg = Release|x86
		{3826F90D-1094-4BFC-8874-ED44B403D3D4}.Pack|x86.Build.0 = Release|x86
		{3826F90D-1094-4BFC-8874-ED44B403D3D4}.Release|Any CPU.ActiveCfg = Release|Any CPU
		{3826F90D-1094-4BFC-8874-ED44B403D3D4}.Release|Any CPU.Build.0 = Release|Any CPU
		{3826F90D-1094-4BFC-8874-ED44B403D3D4}.Release|ARM.ActiveCfg = Release|Any CPU
		{3826F90D-1094-4BFC-8874-ED44B403D3D4}.Release|ARM.Build.0 = Release|Any CPU
		{3826F90D-1094-4BFC-8874-ED44B403D3D4}.Release|ARM64.ActiveCfg = Release|Any CPU
		{3826F90D-1094-4BFC-8874-ED44B403D3D4}.Release|ARM64.Build.0 = Release|Any CPU
		{3826F90D-1094-4BFC-8874-ED44B403D3D4}.Release|x64.ActiveCfg = Release|x64
		{3826F90D-1094-4BFC-8874-ED44B403D3D4}.Release|x64.Build.0 = Release|x64
		{3826F90D-1094-4BFC-8874-ED44B403D3D4}.Release|x86.ActiveCfg = Release|x86
		{3826F90D-1094-4BFC-8874-ED44B403D3D4}.Release|x86.Build.0 = Release|x86
		{2A39E5B1-BA5B-4AEC-8077-27CBBBDC3014}.Debug|Any CPU.ActiveCfg = Debug|Any CPU
		{2A39E5B1-BA5B-4AEC-8077-27CBBBDC3014}.Debug|Any CPU.Build.0 = Debug|Any CPU
		{2A39E5B1-BA5B-4AEC-8077-27CBBBDC3014}.Debug|ARM.ActiveCfg = Debug|Any CPU
		{2A39E5B1-BA5B-4AEC-8077-27CBBBDC3014}.Debug|ARM.Build.0 = Debug|Any CPU
		{2A39E5B1-BA5B-4AEC-8077-27CBBBDC3014}.Debug|ARM64.ActiveCfg = Debug|Any CPU
		{2A39E5B1-BA5B-4AEC-8077-27CBBBDC3014}.Debug|ARM64.Build.0 = Debug|Any CPU
		{2A39E5B1-BA5B-4AEC-8077-27CBBBDC3014}.Debug|x64.ActiveCfg = Debug|Any CPU
		{2A39E5B1-BA5B-4AEC-8077-27CBBBDC3014}.Debug|x64.Build.0 = Debug|Any CPU
		{2A39E5B1-BA5B-4AEC-8077-27CBBBDC3014}.Debug|x86.ActiveCfg = Debug|Any CPU
		{2A39E5B1-BA5B-4AEC-8077-27CBBBDC3014}.Debug|x86.Build.0 = Debug|Any CPU
		{2A39E5B1-BA5B-4AEC-8077-27CBBBDC3014}.Pack|Any CPU.ActiveCfg = Release|Any CPU
		{2A39E5B1-BA5B-4AEC-8077-27CBBBDC3014}.Pack|Any CPU.Build.0 = Release|Any CPU
		{2A39E5B1-BA5B-4AEC-8077-27CBBBDC3014}.Pack|ARM.ActiveCfg = Release|Any CPU
		{2A39E5B1-BA5B-4AEC-8077-27CBBBDC3014}.Pack|ARM.Build.0 = Release|Any CPU
		{2A39E5B1-BA5B-4AEC-8077-27CBBBDC3014}.Pack|ARM64.ActiveCfg = Release|Any CPU
		{2A39E5B1-BA5B-4AEC-8077-27CBBBDC3014}.Pack|ARM64.Build.0 = Release|Any CPU
		{2A39E5B1-BA5B-4AEC-8077-27CBBBDC3014}.Pack|x64.ActiveCfg = Release|Any CPU
		{2A39E5B1-BA5B-4AEC-8077-27CBBBDC3014}.Pack|x64.Build.0 = Release|Any CPU
		{2A39E5B1-BA5B-4AEC-8077-27CBBBDC3014}.Pack|x86.ActiveCfg = Release|Any CPU
		{2A39E5B1-BA5B-4AEC-8077-27CBBBDC3014}.Pack|x86.Build.0 = Release|Any CPU
		{2A39E5B1-BA5B-4AEC-8077-27CBBBDC3014}.Release|Any CPU.ActiveCfg = Release|Any CPU
		{2A39E5B1-BA5B-4AEC-8077-27CBBBDC3014}.Release|Any CPU.Build.0 = Release|Any CPU
		{2A39E5B1-BA5B-4AEC-8077-27CBBBDC3014}.Release|ARM.ActiveCfg = Release|Any CPU
		{2A39E5B1-BA5B-4AEC-8077-27CBBBDC3014}.Release|ARM.Build.0 = Release|Any CPU
		{2A39E5B1-BA5B-4AEC-8077-27CBBBDC3014}.Release|ARM64.ActiveCfg = Release|Any CPU
		{2A39E5B1-BA5B-4AEC-8077-27CBBBDC3014}.Release|ARM64.Build.0 = Release|Any CPU
		{2A39E5B1-BA5B-4AEC-8077-27CBBBDC3014}.Release|x64.ActiveCfg = Release|Any CPU
		{2A39E5B1-BA5B-4AEC-8077-27CBBBDC3014}.Release|x64.Build.0 = Release|Any CPU
		{2A39E5B1-BA5B-4AEC-8077-27CBBBDC3014}.Release|x86.ActiveCfg = Release|Any CPU
		{2A39E5B1-BA5B-4AEC-8077-27CBBBDC3014}.Release|x86.Build.0 = Release|Any CPU
		{B1A66E6B-EAD8-44EE-9839-F910E6F62BA4}.Debug|Any CPU.ActiveCfg = Debug|x64
		{B1A66E6B-EAD8-44EE-9839-F910E6F62BA4}.Debug|Any CPU.Build.0 = Debug|x64
		{B1A66E6B-EAD8-44EE-9839-F910E6F62BA4}.Debug|Any CPU.Deploy.0 = Debug|x64
		{B1A66E6B-EAD8-44EE-9839-F910E6F62BA4}.Debug|ARM.ActiveCfg = Debug|ARM
		{B1A66E6B-EAD8-44EE-9839-F910E6F62BA4}.Debug|ARM.Build.0 = Debug|ARM
		{B1A66E6B-EAD8-44EE-9839-F910E6F62BA4}.Debug|ARM.Deploy.0 = Debug|ARM
		{B1A66E6B-EAD8-44EE-9839-F910E6F62BA4}.Debug|ARM64.ActiveCfg = Debug|ARM64
		{B1A66E6B-EAD8-44EE-9839-F910E6F62BA4}.Debug|ARM64.Build.0 = Debug|ARM64
		{B1A66E6B-EAD8-44EE-9839-F910E6F62BA4}.Debug|ARM64.Deploy.0 = Debug|ARM64
		{B1A66E6B-EAD8-44EE-9839-F910E6F62BA4}.Debug|x64.ActiveCfg = Debug|x64
		{B1A66E6B-EAD8-44EE-9839-F910E6F62BA4}.Debug|x64.Build.0 = Debug|x64
		{B1A66E6B-EAD8-44EE-9839-F910E6F62BA4}.Debug|x64.Deploy.0 = Debug|x64
		{B1A66E6B-EAD8-44EE-9839-F910E6F62BA4}.Debug|x86.ActiveCfg = Debug|x86
		{B1A66E6B-EAD8-44EE-9839-F910E6F62BA4}.Debug|x86.Build.0 = Debug|x86
		{B1A66E6B-EAD8-44EE-9839-F910E6F62BA4}.Debug|x86.Deploy.0 = Debug|x86
		{B1A66E6B-EAD8-44EE-9839-F910E6F62BA4}.Pack|Any CPU.ActiveCfg = Release|x64
		{B1A66E6B-EAD8-44EE-9839-F910E6F62BA4}.Pack|Any CPU.Build.0 = Release|x64
		{B1A66E6B-EAD8-44EE-9839-F910E6F62BA4}.Pack|Any CPU.Deploy.0 = Release|x64
		{B1A66E6B-EAD8-44EE-9839-F910E6F62BA4}.Pack|ARM.ActiveCfg = Release|ARM
		{B1A66E6B-EAD8-44EE-9839-F910E6F62BA4}.Pack|ARM.Build.0 = Release|ARM
		{B1A66E6B-EAD8-44EE-9839-F910E6F62BA4}.Pack|ARM.Deploy.0 = Release|ARM
		{B1A66E6B-EAD8-44EE-9839-F910E6F62BA4}.Pack|ARM64.ActiveCfg = Release|ARM64
		{B1A66E6B-EAD8-44EE-9839-F910E6F62BA4}.Pack|ARM64.Build.0 = Release|ARM64
		{B1A66E6B-EAD8-44EE-9839-F910E6F62BA4}.Pack|ARM64.Deploy.0 = Release|ARM64
		{B1A66E6B-EAD8-44EE-9839-F910E6F62BA4}.Pack|x64.ActiveCfg = Release|x64
		{B1A66E6B-EAD8-44EE-9839-F910E6F62BA4}.Pack|x64.Build.0 = Release|x64
		{B1A66E6B-EAD8-44EE-9839-F910E6F62BA4}.Pack|x64.Deploy.0 = Release|x64
		{B1A66E6B-EAD8-44EE-9839-F910E6F62BA4}.Pack|x86.ActiveCfg = Release|x86
		{B1A66E6B-EAD8-44EE-9839-F910E6F62BA4}.Pack|x86.Build.0 = Release|x86
		{B1A66E6B-EAD8-44EE-9839-F910E6F62BA4}.Pack|x86.Deploy.0 = Release|x86
		{B1A66E6B-EAD8-44EE-9839-F910E6F62BA4}.Release|Any CPU.ActiveCfg = Release|x86
		{B1A66E6B-EAD8-44EE-9839-F910E6F62BA4}.Release|ARM.ActiveCfg = Release|ARM
		{B1A66E6B-EAD8-44EE-9839-F910E6F62BA4}.Release|ARM.Build.0 = Release|ARM
		{B1A66E6B-EAD8-44EE-9839-F910E6F62BA4}.Release|ARM.Deploy.0 = Release|ARM
		{B1A66E6B-EAD8-44EE-9839-F910E6F62BA4}.Release|ARM64.ActiveCfg = Release|ARM64
		{B1A66E6B-EAD8-44EE-9839-F910E6F62BA4}.Release|ARM64.Build.0 = Release|ARM64
		{B1A66E6B-EAD8-44EE-9839-F910E6F62BA4}.Release|ARM64.Deploy.0 = Release|ARM64
		{B1A66E6B-EAD8-44EE-9839-F910E6F62BA4}.Release|x64.ActiveCfg = Release|x64
		{B1A66E6B-EAD8-44EE-9839-F910E6F62BA4}.Release|x64.Build.0 = Release|x64
		{B1A66E6B-EAD8-44EE-9839-F910E6F62BA4}.Release|x64.Deploy.0 = Release|x64
		{B1A66E6B-EAD8-44EE-9839-F910E6F62BA4}.Release|x86.ActiveCfg = Release|x86
		{B1A66E6B-EAD8-44EE-9839-F910E6F62BA4}.Release|x86.Build.0 = Release|x86
		{B1A66E6B-EAD8-44EE-9839-F910E6F62BA4}.Release|x86.Deploy.0 = Release|x86
		{BF3D0026-AB4D-4D9A-ABFA-338E0212481C}.Debug|Any CPU.ActiveCfg = Debug|Any CPU
		{BF3D0026-AB4D-4D9A-ABFA-338E0212481C}.Debug|Any CPU.Build.0 = Debug|Any CPU
		{BF3D0026-AB4D-4D9A-ABFA-338E0212481C}.Debug|ARM.ActiveCfg = Debug|Any CPU
		{BF3D0026-AB4D-4D9A-ABFA-338E0212481C}.Debug|ARM.Build.0 = Debug|Any CPU
		{BF3D0026-AB4D-4D9A-ABFA-338E0212481C}.Debug|ARM64.ActiveCfg = Debug|Any CPU
		{BF3D0026-AB4D-4D9A-ABFA-338E0212481C}.Debug|ARM64.Build.0 = Debug|Any CPU
		{BF3D0026-AB4D-4D9A-ABFA-338E0212481C}.Debug|x64.ActiveCfg = Debug|Any CPU
		{BF3D0026-AB4D-4D9A-ABFA-338E0212481C}.Debug|x64.Build.0 = Debug|Any CPU
		{BF3D0026-AB4D-4D9A-ABFA-338E0212481C}.Debug|x86.ActiveCfg = Debug|Any CPU
		{BF3D0026-AB4D-4D9A-ABFA-338E0212481C}.Debug|x86.Build.0 = Debug|Any CPU
		{BF3D0026-AB4D-4D9A-ABFA-338E0212481C}.Pack|Any CPU.ActiveCfg = Release|Any CPU
		{BF3D0026-AB4D-4D9A-ABFA-338E0212481C}.Pack|Any CPU.Build.0 = Release|Any CPU
		{BF3D0026-AB4D-4D9A-ABFA-338E0212481C}.Pack|ARM.ActiveCfg = Release|Any CPU
		{BF3D0026-AB4D-4D9A-ABFA-338E0212481C}.Pack|ARM.Build.0 = Release|Any CPU
		{BF3D0026-AB4D-4D9A-ABFA-338E0212481C}.Pack|ARM64.ActiveCfg = Release|Any CPU
		{BF3D0026-AB4D-4D9A-ABFA-338E0212481C}.Pack|ARM64.Build.0 = Release|Any CPU
		{BF3D0026-AB4D-4D9A-ABFA-338E0212481C}.Pack|x64.ActiveCfg = Release|Any CPU
		{BF3D0026-AB4D-4D9A-ABFA-338E0212481C}.Pack|x64.Build.0 = Release|Any CPU
		{BF3D0026-AB4D-4D9A-ABFA-338E0212481C}.Pack|x86.ActiveCfg = Release|Any CPU
		{BF3D0026-AB4D-4D9A-ABFA-338E0212481C}.Pack|x86.Build.0 = Release|Any CPU
		{BF3D0026-AB4D-4D9A-ABFA-338E0212481C}.Release|Any CPU.ActiveCfg = Release|Any CPU
		{BF3D0026-AB4D-4D9A-ABFA-338E0212481C}.Release|Any CPU.Build.0 = Release|Any CPU
		{BF3D0026-AB4D-4D9A-ABFA-338E0212481C}.Release|ARM.ActiveCfg = Release|Any CPU
		{BF3D0026-AB4D-4D9A-ABFA-338E0212481C}.Release|ARM.Build.0 = Release|Any CPU
		{BF3D0026-AB4D-4D9A-ABFA-338E0212481C}.Release|ARM64.ActiveCfg = Release|Any CPU
		{BF3D0026-AB4D-4D9A-ABFA-338E0212481C}.Release|ARM64.Build.0 = Release|Any CPU
		{BF3D0026-AB4D-4D9A-ABFA-338E0212481C}.Release|x64.ActiveCfg = Release|Any CPU
		{BF3D0026-AB4D-4D9A-ABFA-338E0212481C}.Release|x64.Build.0 = Release|Any CPU
		{BF3D0026-AB4D-4D9A-ABFA-338E0212481C}.Release|x86.ActiveCfg = Release|Any CPU
		{BF3D0026-AB4D-4D9A-ABFA-338E0212481C}.Release|x86.Build.0 = Release|Any CPU
		{ACE4D521-BFB2-471A-B0DF-9C45BC7C5704}.Debug|Any CPU.ActiveCfg = Debug|Any CPU
		{ACE4D521-BFB2-471A-B0DF-9C45BC7C5704}.Debug|Any CPU.Build.0 = Debug|Any CPU
		{ACE4D521-BFB2-471A-B0DF-9C45BC7C5704}.Debug|ARM.ActiveCfg = Debug|Any CPU
		{ACE4D521-BFB2-471A-B0DF-9C45BC7C5704}.Debug|ARM.Build.0 = Debug|Any CPU
		{ACE4D521-BFB2-471A-B0DF-9C45BC7C5704}.Debug|ARM64.ActiveCfg = Debug|Any CPU
		{ACE4D521-BFB2-471A-B0DF-9C45BC7C5704}.Debug|ARM64.Build.0 = Debug|Any CPU
		{ACE4D521-BFB2-471A-B0DF-9C45BC7C5704}.Debug|x64.ActiveCfg = Debug|x64
		{ACE4D521-BFB2-471A-B0DF-9C45BC7C5704}.Debug|x64.Build.0 = Debug|x64
		{ACE4D521-BFB2-471A-B0DF-9C45BC7C5704}.Debug|x86.ActiveCfg = Debug|x86
		{ACE4D521-BFB2-471A-B0DF-9C45BC7C5704}.Debug|x86.Build.0 = Debug|x86
		{ACE4D521-BFB2-471A-B0DF-9C45BC7C5704}.Pack|Any CPU.ActiveCfg = Release|Any CPU
		{ACE4D521-BFB2-471A-B0DF-9C45BC7C5704}.Pack|Any CPU.Build.0 = Release|Any CPU
		{ACE4D521-BFB2-471A-B0DF-9C45BC7C5704}.Pack|ARM.ActiveCfg = Release|Any CPU
		{ACE4D521-BFB2-471A-B0DF-9C45BC7C5704}.Pack|ARM.Build.0 = Release|Any CPU
		{ACE4D521-BFB2-471A-B0DF-9C45BC7C5704}.Pack|ARM64.ActiveCfg = Release|Any CPU
		{ACE4D521-BFB2-471A-B0DF-9C45BC7C5704}.Pack|ARM64.Build.0 = Release|Any CPU
		{ACE4D521-BFB2-471A-B0DF-9C45BC7C5704}.Pack|x64.ActiveCfg = Release|x64
		{ACE4D521-BFB2-471A-B0DF-9C45BC7C5704}.Pack|x64.Build.0 = Release|x64
		{ACE4D521-BFB2-471A-B0DF-9C45BC7C5704}.Pack|x86.ActiveCfg = Release|x86
		{ACE4D521-BFB2-471A-B0DF-9C45BC7C5704}.Pack|x86.Build.0 = Release|x86
		{ACE4D521-BFB2-471A-B0DF-9C45BC7C5704}.Release|Any CPU.ActiveCfg = Release|Any CPU
		{ACE4D521-BFB2-471A-B0DF-9C45BC7C5704}.Release|Any CPU.Build.0 = Release|Any CPU
		{ACE4D521-BFB2-471A-B0DF-9C45BC7C5704}.Release|ARM.ActiveCfg = Release|Any CPU
		{ACE4D521-BFB2-471A-B0DF-9C45BC7C5704}.Release|ARM.Build.0 = Release|Any CPU
		{ACE4D521-BFB2-471A-B0DF-9C45BC7C5704}.Release|ARM64.ActiveCfg = Release|Any CPU
		{ACE4D521-BFB2-471A-B0DF-9C45BC7C5704}.Release|ARM64.Build.0 = Release|Any CPU
		{ACE4D521-BFB2-471A-B0DF-9C45BC7C5704}.Release|x64.ActiveCfg = Release|x64
		{ACE4D521-BFB2-471A-B0DF-9C45BC7C5704}.Release|x64.Build.0 = Release|x64
		{ACE4D521-BFB2-471A-B0DF-9C45BC7C5704}.Release|x86.ActiveCfg = Release|x86
		{ACE4D521-BFB2-471A-B0DF-9C45BC7C5704}.Release|x86.Build.0 = Release|x86
		{9DA87286-DDD4-4AE0-954E-0F89669F0A92}.Debug|Any CPU.ActiveCfg = Debug|Any CPU
		{9DA87286-DDD4-4AE0-954E-0F89669F0A92}.Debug|Any CPU.Build.0 = Debug|Any CPU
		{9DA87286-DDD4-4AE0-954E-0F89669F0A92}.Debug|ARM.ActiveCfg = Debug|Any CPU
		{9DA87286-DDD4-4AE0-954E-0F89669F0A92}.Debug|ARM.Build.0 = Debug|Any CPU
		{9DA87286-DDD4-4AE0-954E-0F89669F0A92}.Debug|ARM64.ActiveCfg = Debug|Any CPU
		{9DA87286-DDD4-4AE0-954E-0F89669F0A92}.Debug|ARM64.Build.0 = Debug|Any CPU
		{9DA87286-DDD4-4AE0-954E-0F89669F0A92}.Debug|x64.ActiveCfg = Debug|Any CPU
		{9DA87286-DDD4-4AE0-954E-0F89669F0A92}.Debug|x64.Build.0 = Debug|Any CPU
		{9DA87286-DDD4-4AE0-954E-0F89669F0A92}.Debug|x86.ActiveCfg = Debug|Any CPU
		{9DA87286-DDD4-4AE0-954E-0F89669F0A92}.Debug|x86.Build.0 = Debug|Any CPU
		{9DA87286-DDD4-4AE0-954E-0F89669F0A92}.Pack|Any CPU.ActiveCfg = Release|Any CPU
		{9DA87286-DDD4-4AE0-954E-0F89669F0A92}.Pack|Any CPU.Build.0 = Release|Any CPU
		{9DA87286-DDD4-4AE0-954E-0F89669F0A92}.Pack|ARM.ActiveCfg = Release|Any CPU
		{9DA87286-DDD4-4AE0-954E-0F89669F0A92}.Pack|ARM.Build.0 = Release|Any CPU
		{9DA87286-DDD4-4AE0-954E-0F89669F0A92}.Pack|ARM64.ActiveCfg = Release|Any CPU
		{9DA87286-DDD4-4AE0-954E-0F89669F0A92}.Pack|ARM64.Build.0 = Release|Any CPU
		{9DA87286-DDD4-4AE0-954E-0F89669F0A92}.Pack|x64.ActiveCfg = Release|Any CPU
		{9DA87286-DDD4-4AE0-954E-0F89669F0A92}.Pack|x64.Build.0 = Release|Any CPU
		{9DA87286-DDD4-4AE0-954E-0F89669F0A92}.Pack|x86.ActiveCfg = Release|Any CPU
		{9DA87286-DDD4-4AE0-954E-0F89669F0A92}.Pack|x86.Build.0 = Release|Any CPU
		{9DA87286-DDD4-4AE0-954E-0F89669F0A92}.Release|Any CPU.ActiveCfg = Release|Any CPU
		{9DA87286-DDD4-4AE0-954E-0F89669F0A92}.Release|Any CPU.Build.0 = Release|Any CPU
		{9DA87286-DDD4-4AE0-954E-0F89669F0A92}.Release|ARM.ActiveCfg = Release|Any CPU
		{9DA87286-DDD4-4AE0-954E-0F89669F0A92}.Release|ARM.Build.0 = Release|Any CPU
		{9DA87286-DDD4-4AE0-954E-0F89669F0A92}.Release|ARM64.ActiveCfg = Release|Any CPU
		{9DA87286-DDD4-4AE0-954E-0F89669F0A92}.Release|ARM64.Build.0 = Release|Any CPU
		{9DA87286-DDD4-4AE0-954E-0F89669F0A92}.Release|x64.ActiveCfg = Release|Any CPU
		{9DA87286-DDD4-4AE0-954E-0F89669F0A92}.Release|x64.Build.0 = Release|Any CPU
		{9DA87286-DDD4-4AE0-954E-0F89669F0A92}.Release|x86.ActiveCfg = Release|Any CPU
		{9DA87286-DDD4-4AE0-954E-0F89669F0A92}.Release|x86.Build.0 = Release|Any CPU
		{4111BD37-1783-41DB-97B6-37162CB941F1}.Debug|Any CPU.ActiveCfg = Debug|Any CPU
		{4111BD37-1783-41DB-97B6-37162CB941F1}.Debug|Any CPU.Build.0 = Debug|Any CPU
		{4111BD37-1783-41DB-97B6-37162CB941F1}.Debug|ARM.ActiveCfg = Debug|Any CPU
		{4111BD37-1783-41DB-97B6-37162CB941F1}.Debug|ARM.Build.0 = Debug|Any CPU
		{4111BD37-1783-41DB-97B6-37162CB941F1}.Debug|ARM64.ActiveCfg = Debug|Any CPU
		{4111BD37-1783-41DB-97B6-37162CB941F1}.Debug|ARM64.Build.0 = Debug|Any CPU
		{4111BD37-1783-41DB-97B6-37162CB941F1}.Debug|x64.ActiveCfg = Debug|Any CPU
		{4111BD37-1783-41DB-97B6-37162CB941F1}.Debug|x64.Build.0 = Debug|Any CPU
		{4111BD37-1783-41DB-97B6-37162CB941F1}.Debug|x86.ActiveCfg = Debug|Any CPU
		{4111BD37-1783-41DB-97B6-37162CB941F1}.Debug|x86.Build.0 = Debug|Any CPU
		{4111BD37-1783-41DB-97B6-37162CB941F1}.Pack|Any CPU.ActiveCfg = Release|Any CPU
		{4111BD37-1783-41DB-97B6-37162CB941F1}.Pack|Any CPU.Build.0 = Release|Any CPU
		{4111BD37-1783-41DB-97B6-37162CB941F1}.Pack|ARM.ActiveCfg = Release|Any CPU
		{4111BD37-1783-41DB-97B6-37162CB941F1}.Pack|ARM.Build.0 = Release|Any CPU
		{4111BD37-1783-41DB-97B6-37162CB941F1}.Pack|ARM64.ActiveCfg = Release|Any CPU
		{4111BD37-1783-41DB-97B6-37162CB941F1}.Pack|ARM64.Build.0 = Release|Any CPU
		{4111BD37-1783-41DB-97B6-37162CB941F1}.Pack|x64.ActiveCfg = Release|Any CPU
		{4111BD37-1783-41DB-97B6-37162CB941F1}.Pack|x64.Build.0 = Release|Any CPU
		{4111BD37-1783-41DB-97B6-37162CB941F1}.Pack|x86.ActiveCfg = Release|Any CPU
		{4111BD37-1783-41DB-97B6-37162CB941F1}.Pack|x86.Build.0 = Release|Any CPU
		{4111BD37-1783-41DB-97B6-37162CB941F1}.Release|Any CPU.ActiveCfg = Release|Any CPU
		{4111BD37-1783-41DB-97B6-37162CB941F1}.Release|Any CPU.Build.0 = Release|Any CPU
		{4111BD37-1783-41DB-97B6-37162CB941F1}.Release|ARM.ActiveCfg = Release|Any CPU
		{4111BD37-1783-41DB-97B6-37162CB941F1}.Release|ARM.Build.0 = Release|Any CPU
		{4111BD37-1783-41DB-97B6-37162CB941F1}.Release|ARM64.ActiveCfg = Release|Any CPU
		{4111BD37-1783-41DB-97B6-37162CB941F1}.Release|ARM64.Build.0 = Release|Any CPU
		{4111BD37-1783-41DB-97B6-37162CB941F1}.Release|x64.ActiveCfg = Release|Any CPU
		{4111BD37-1783-41DB-97B6-37162CB941F1}.Release|x64.Build.0 = Release|Any CPU
		{4111BD37-1783-41DB-97B6-37162CB941F1}.Release|x86.ActiveCfg = Release|Any CPU
		{4111BD37-1783-41DB-97B6-37162CB941F1}.Release|x86.Build.0 = Release|Any CPU
		{37A2537D-70C6-4A26-B6C6-CBC6A2D6CA75}.Debug|Any CPU.ActiveCfg = Debug|Any CPU
		{37A2537D-70C6-4A26-B6C6-CBC6A2D6CA75}.Debug|Any CPU.Build.0 = Debug|Any CPU
		{37A2537D-70C6-4A26-B6C6-CBC6A2D6CA75}.Debug|ARM.ActiveCfg = Debug|Any CPU
		{37A2537D-70C6-4A26-B6C6-CBC6A2D6CA75}.Debug|ARM.Build.0 = Debug|Any CPU
		{37A2537D-70C6-4A26-B6C6-CBC6A2D6CA75}.Debug|ARM64.ActiveCfg = Debug|Any CPU
		{37A2537D-70C6-4A26-B6C6-CBC6A2D6CA75}.Debug|ARM64.Build.0 = Debug|Any CPU
		{37A2537D-70C6-4A26-B6C6-CBC6A2D6CA75}.Debug|x64.ActiveCfg = Debug|Any CPU
		{37A2537D-70C6-4A26-B6C6-CBC6A2D6CA75}.Debug|x64.Build.0 = Debug|Any CPU
		{37A2537D-70C6-4A26-B6C6-CBC6A2D6CA75}.Debug|x86.ActiveCfg = Debug|Any CPU
		{37A2537D-70C6-4A26-B6C6-CBC6A2D6CA75}.Debug|x86.Build.0 = Debug|Any CPU
		{37A2537D-70C6-4A26-B6C6-CBC6A2D6CA75}.Pack|Any CPU.ActiveCfg = Pack|Any CPU
		{37A2537D-70C6-4A26-B6C6-CBC6A2D6CA75}.Pack|Any CPU.Build.0 = Pack|Any CPU
		{37A2537D-70C6-4A26-B6C6-CBC6A2D6CA75}.Pack|ARM.ActiveCfg = Pack|Any CPU
		{37A2537D-70C6-4A26-B6C6-CBC6A2D6CA75}.Pack|ARM.Build.0 = Pack|Any CPU
		{37A2537D-70C6-4A26-B6C6-CBC6A2D6CA75}.Pack|ARM64.ActiveCfg = Pack|Any CPU
		{37A2537D-70C6-4A26-B6C6-CBC6A2D6CA75}.Pack|ARM64.Build.0 = Pack|Any CPU
		{37A2537D-70C6-4A26-B6C6-CBC6A2D6CA75}.Pack|x64.ActiveCfg = Pack|Any CPU
		{37A2537D-70C6-4A26-B6C6-CBC6A2D6CA75}.Pack|x64.Build.0 = Pack|Any CPU
		{37A2537D-70C6-4A26-B6C6-CBC6A2D6CA75}.Pack|x86.ActiveCfg = Pack|Any CPU
		{37A2537D-70C6-4A26-B6C6-CBC6A2D6CA75}.Pack|x86.Build.0 = Pack|Any CPU
		{37A2537D-70C6-4A26-B6C6-CBC6A2D6CA75}.Release|Any CPU.ActiveCfg = Release|Any CPU
		{37A2537D-70C6-4A26-B6C6-CBC6A2D6CA75}.Release|Any CPU.Build.0 = Release|Any CPU
		{37A2537D-70C6-4A26-B6C6-CBC6A2D6CA75}.Release|ARM.ActiveCfg = Release|Any CPU
		{37A2537D-70C6-4A26-B6C6-CBC6A2D6CA75}.Release|ARM.Build.0 = Release|Any CPU
		{37A2537D-70C6-4A26-B6C6-CBC6A2D6CA75}.Release|ARM64.ActiveCfg = Release|Any CPU
		{37A2537D-70C6-4A26-B6C6-CBC6A2D6CA75}.Release|ARM64.Build.0 = Release|Any CPU
		{37A2537D-70C6-4A26-B6C6-CBC6A2D6CA75}.Release|x64.ActiveCfg = Release|Any CPU
		{37A2537D-70C6-4A26-B6C6-CBC6A2D6CA75}.Release|x64.Build.0 = Release|Any CPU
		{37A2537D-70C6-4A26-B6C6-CBC6A2D6CA75}.Release|x86.ActiveCfg = Release|Any CPU
		{37A2537D-70C6-4A26-B6C6-CBC6A2D6CA75}.Release|x86.Build.0 = Release|Any CPU
	EndGlobalSection
	GlobalSection(SolutionProperties) = preSolution
		HideSolutionNode = FALSE
	EndGlobalSection
	GlobalSection(NestedProjects) = preSolution
		{ABA7002F-5C9D-4D78-B167-EBB25706B3AB} = {8504AAF8-EB4C-4EE7-9DB0-AF727E9420CA}
		{36DE43F7-134F-4A18-BE76-0650AC8EBC1C} = {47779BB9-848A-4D16-9ED5-C9F15720D3FF}
		{3826F90D-1094-4BFC-8874-ED44B403D3D4} = {47779BB9-848A-4D16-9ED5-C9F15720D3FF}
		{2A39E5B1-BA5B-4AEC-8077-27CBBBDC3014} = {47779BB9-848A-4D16-9ED5-C9F15720D3FF}
		{B1A66E6B-EAD8-44EE-9839-F910E6F62BA4} = {8504AAF8-EB4C-4EE7-9DB0-AF727E9420CA}
		{BF3D0026-AB4D-4D9A-ABFA-338E0212481C} = {8504AAF8-EB4C-4EE7-9DB0-AF727E9420CA}
		{ACE4D521-BFB2-471A-B0DF-9C45BC7C5704} = {47779BB9-848A-4D16-9ED5-C9F15720D3FF}
		{9DA87286-DDD4-4AE0-954E-0F89669F0A92} = {47779BB9-848A-4D16-9ED5-C9F15720D3FF}
		{4111BD37-1783-41DB-97B6-37162CB941F1} = {47779BB9-848A-4D16-9ED5-C9F15720D3FF}
		{37A2537D-70C6-4A26-B6C6-CBC6A2D6CA75} = {47779BB9-848A-4D16-9ED5-C9F15720D3FF}
	EndGlobalSection
	GlobalSection(ExtensibilityGlobals) = postSolution
		SolutionGuid = {72FE0CD9-A88E-4ECD-9078-99C6632E304C}
	EndGlobalSection
EndGlobal
