
Microsoft Visual Studio Solution File, Format Version 12.00
# Visual Studio Version 17
VisualStudioVersion = 17.4.33205.214
MinimumVisualStudioVersion = 10.0.40219.1
Project("{9A19103F-16F7-4668-BE54-9A1E7A4F7556}") = "WizBulb", "WizBulb\WizBulb.csproj", "{ABA7002F-5C9D-4D78-B167-EBB25706B3AB}"
EndProject
Project("{2150E333-8FDC-42A3-9474-1A3956D46DE8}") = "DataTools", "DataTools", "{47779BB9-848A-4D16-9ED5-C9F15720D3FF}"
EndProject
Project("{2150E333-8FDC-42A3-9474-1A3956D46DE8}") = "Wiz", "Wiz", "{8504AAF8-EB4C-4EE7-9DB0-AF727E9420CA}"
EndProject
Project("{9A19103F-16F7-4668-BE54-9A1E7A4F7556}") = "WiZ", "WiZ\WiZ.csproj", "{BF3D0026-AB4D-4D9A-ABFA-338E0212481C}"
EndProject
Project("{9A19103F-16F7-4668-BE54-9A1E7A4F7556}") = "DataTools", "DataTools\Standard\DataTools\DataTools.csproj", "{9E4C398C-9760-46BF-A321-6AABDD7F546C}"
EndProject
Project("{9A19103F-16F7-4668-BE54-9A1E7A4F7556}") = "DataTools.Graphics", "DataTools\Standard\DataTools.Graphics\DataTools.Graphics.csproj", "{3A36AEDE-60C9-4521-BD51-FD8D8266FC68}"
EndProject
Project("{9A19103F-16F7-4668-BE54-9A1E7A4F7556}") = "DataTools.Win32", "DataTools\Win32\DataTools.Win32\DataTools.Win32.csproj", "{30FB0343-C524-4256-BD38-BFD5DD14BF42}"
EndProject
Project("{9A19103F-16F7-4668-BE54-9A1E7A4F7556}") = "DataTools.Win32.Memory", "DataTools\Win32\DataTools.Win32.Memory\DataTools.Win32.Memory.csproj", "{FADC754B-ECE1-4AD0-AFE8-258271A8E754}"
EndProject
Project("{9A19103F-16F7-4668-BE54-9A1E7A4F7556}") = "DataTools.Win32.Network", "DataTools\Win32\DataTools.Win32.Network\DataTools.Win32.Network.csproj", "{4372A04C-08C8-423B-9B88-C3F0E735FA3E}"
EndProject
Project("{9A19103F-16F7-4668-BE54-9A1E7A4F7556}") = "DataTools.ColorControls", "DataTools\Windows\WPF\DataTools.ColorControls\DataTools.ColorControls.csproj", "{1F8CEA9C-9DA1-4AC5-9048-08C672AFDABF}"
EndProject
Project("{9A19103F-16F7-4668-BE54-9A1E7A4F7556}") = "DataTools.Desktop.WPF", "DataTools\Windows\WPF\DataTools.Desktop.WPF\DataTools.Desktop.WPF.csproj", "{4CE1E286-A456-4B45-A1A8-1E7F0622A3B2}"
EndProject
Project("{9A19103F-16F7-4668-BE54-9A1E7A4F7556}") = "DataTools.Desktop.Network", "DataTools\Windows\WPF\DataTools.Desktop.Network\DataTools.Desktop.Network.csproj", "{59D8E04F-38E3-408D-9156-7B25098AD205}"
EndProject
Project("{9A19103F-16F7-4668-BE54-9A1E7A4F7556}") = "WiZHome", "WiZHome\WiZHome.csproj", "{2FE1698F-404D-4930-96FE-177F16A3821A}"
EndProject
Project("{2150E333-8FDC-42A3-9474-1A3956D46DE8}") = "Solution Items", "Solution Items", "{DCC273C8-DE42-4F35-8D78-31D8748A54F9}"
	ProjectSection(SolutionItems) = preProject
		.gitignore = .gitignore
		README.md = README.md
	EndProjectSection
EndProject
Global
	GlobalSection(SolutionConfigurationPlatforms) = preSolution
		Debug|Any CPU = Debug|Any CPU
		Debug|ARM = Debug|ARM
		Debug|ARM64 = Debug|ARM64
		Debug|x64 = Debug|x64
		Debug|x86 = Debug|x86
		Pack|Any CPU = Pack|Any CPU
		Pack|ARM = Pack|ARM
		Pack|ARM64 = Pack|ARM64
		Pack|x64 = Pack|x64
		Pack|x86 = Pack|x86
		Release|Any CPU = Release|Any CPU
		Release|ARM = Release|ARM
		Release|ARM64 = Release|ARM64
		Release|x64 = Release|x64
		Release|x86 = Release|x86
	EndGlobalSection
	GlobalSection(ProjectConfigurationPlatforms) = postSolution
		{ABA7002F-5C9D-4D78-B167-EBB25706B3AB}.Debug|Any CPU.ActiveCfg = Debug|Any CPU
		{ABA7002F-5C9D-4D78-B167-EBB25706B3AB}.Debug|Any CPU.Build.0 = Debug|Any CPU
		{ABA7002F-5C9D-4D78-B167-EBB25706B3AB}.Debug|ARM.ActiveCfg = Debug|Any CPU
		{ABA7002F-5C9D-4D78-B167-EBB25706B3AB}.Debug|ARM.Build.0 = Debug|Any CPU
		{ABA7002F-5C9D-4D78-B167-EBB25706B3AB}.Debug|ARM64.ActiveCfg = Debug|Any CPU
		{ABA7002F-5C9D-4D78-B167-EBB25706B3AB}.Debug|ARM64.Build.0 = Debug|Any CPU
		{ABA7002F-5C9D-4D78-B167-EBB25706B3AB}.Debug|x64.ActiveCfg = Debug|x64
		{ABA7002F-5C9D-4D78-B167-EBB25706B3AB}.Debug|x64.Build.0 = Debug|x64
		{ABA7002F-5C9D-4D78-B167-EBB25706B3AB}.Debug|x86.ActiveCfg = Debug|Any CPU
		{ABA7002F-5C9D-4D78-B167-EBB25706B3AB}.Debug|x86.Build.0 = Debug|Any CPU
		{ABA7002F-5C9D-4D78-B167-EBB25706B3AB}.Pack|Any CPU.ActiveCfg = Release|Any CPU
		{ABA7002F-5C9D-4D78-B167-EBB25706B3AB}.Pack|Any CPU.Build.0 = Release|Any CPU
		{ABA7002F-5C9D-4D78-B167-EBB25706B3AB}.Pack|ARM.ActiveCfg = Release|Any CPU
		{ABA7002F-5C9D-4D78-B167-EBB25706B3AB}.Pack|ARM.Build.0 = Release|Any CPU
		{ABA7002F-5C9D-4D78-B167-EBB25706B3AB}.Pack|ARM64.ActiveCfg = Release|Any CPU
		{ABA7002F-5C9D-4D78-B167-EBB25706B3AB}.Pack|ARM64.Build.0 = Release|Any CPU
		{ABA7002F-5C9D-4D78-B167-EBB25706B3AB}.Pack|x64.ActiveCfg = Release|x64
		{ABA7002F-5C9D-4D78-B167-EBB25706B3AB}.Pack|x64.Build.0 = Release|x64
		{ABA7002F-5C9D-4D78-B167-EBB25706B3AB}.Pack|x86.ActiveCfg = Debug|x86
		{ABA7002F-5C9D-4D78-B167-EBB25706B3AB}.Pack|x86.Build.0 = Debug|x86
		{ABA7002F-5C9D-4D78-B167-EBB25706B3AB}.Release|Any CPU.ActiveCfg = Release|Any CPU
		{ABA7002F-5C9D-4D78-B167-EBB25706B3AB}.Release|Any CPU.Build.0 = Release|Any CPU
		{ABA7002F-5C9D-4D78-B167-EBB25706B3AB}.Release|ARM.ActiveCfg = Release|Any CPU
		{ABA7002F-5C9D-4D78-B167-EBB25706B3AB}.Release|ARM.Build.0 = Release|Any CPU
		{ABA7002F-5C9D-4D78-B167-EBB25706B3AB}.Release|ARM64.ActiveCfg = Release|Any CPU
		{ABA7002F-5C9D-4D78-B167-EBB25706B3AB}.Release|ARM64.Build.0 = Release|Any CPU
		{ABA7002F-5C9D-4D78-B167-EBB25706B3AB}.Release|x64.ActiveCfg = Release|x64
		{ABA7002F-5C9D-4D78-B167-EBB25706B3AB}.Release|x64.Build.0 = Release|x64
		{ABA7002F-5C9D-4D78-B167-EBB25706B3AB}.Release|x86.ActiveCfg = Release|Any CPU
		{ABA7002F-5C9D-4D78-B167-EBB25706B3AB}.Release|x86.Build.0 = Release|Any CPU
		{BF3D0026-AB4D-4D9A-ABFA-338E0212481C}.Debug|Any CPU.ActiveCfg = Debug|Any CPU
		{BF3D0026-AB4D-4D9A-ABFA-338E0212481C}.Debug|Any CPU.Build.0 = Debug|Any CPU
		{BF3D0026-AB4D-4D9A-ABFA-338E0212481C}.Debug|ARM.ActiveCfg = Debug|Any CPU
		{BF3D0026-AB4D-4D9A-ABFA-338E0212481C}.Debug|ARM.Build.0 = Debug|Any CPU
		{BF3D0026-AB4D-4D9A-ABFA-338E0212481C}.Debug|ARM64.ActiveCfg = Debug|Any CPU
		{BF3D0026-AB4D-4D9A-ABFA-338E0212481C}.Debug|ARM64.Build.0 = Debug|Any CPU
		{BF3D0026-AB4D-4D9A-ABFA-338E0212481C}.Debug|x64.ActiveCfg = Debug|Any CPU
		{BF3D0026-AB4D-4D9A-ABFA-338E0212481C}.Debug|x64.Build.0 = Debug|Any CPU
		{BF3D0026-AB4D-4D9A-ABFA-338E0212481C}.Debug|x86.ActiveCfg = Debug|Any CPU
		{BF3D0026-AB4D-4D9A-ABFA-338E0212481C}.Debug|x86.Build.0 = Debug|Any CPU
		{BF3D0026-AB4D-4D9A-ABFA-338E0212481C}.Pack|Any CPU.ActiveCfg = Release|Any CPU
		{BF3D0026-AB4D-4D9A-ABFA-338E0212481C}.Pack|Any CPU.Build.0 = Release|Any CPU
		{BF3D0026-AB4D-4D9A-ABFA-338E0212481C}.Pack|ARM.ActiveCfg = Release|Any CPU
		{BF3D0026-AB4D-4D9A-ABFA-338E0212481C}.Pack|ARM.Build.0 = Release|Any CPU
		{BF3D0026-AB4D-4D9A-ABFA-338E0212481C}.Pack|ARM64.ActiveCfg = Release|Any CPU
		{BF3D0026-AB4D-4D9A-ABFA-338E0212481C}.Pack|ARM64.Build.0 = Release|Any CPU
		{BF3D0026-AB4D-4D9A-ABFA-338E0212481C}.Pack|x64.ActiveCfg = Release|Any CPU
		{BF3D0026-AB4D-4D9A-ABFA-338E0212481C}.Pack|x64.Build.0 = Release|Any CPU
		{BF3D0026-AB4D-4D9A-ABFA-338E0212481C}.Pack|x86.ActiveCfg = Release|Any CPU
		{BF3D0026-AB4D-4D9A-ABFA-338E0212481C}.Pack|x86.Build.0 = Release|Any CPU
		{BF3D0026-AB4D-4D9A-ABFA-338E0212481C}.Release|Any CPU.ActiveCfg = Release|Any CPU
		{BF3D0026-AB4D-4D9A-ABFA-338E0212481C}.Release|Any CPU.Build.0 = Release|Any CPU
		{BF3D0026-AB4D-4D9A-ABFA-338E0212481C}.Release|ARM.ActiveCfg = Release|Any CPU
		{BF3D0026-AB4D-4D9A-ABFA-338E0212481C}.Release|ARM.Build.0 = Release|Any CPU
		{BF3D0026-AB4D-4D9A-ABFA-338E0212481C}.Release|ARM64.ActiveCfg = Release|Any CPU
		{BF3D0026-AB4D-4D9A-ABFA-338E0212481C}.Release|ARM64.Build.0 = Release|Any CPU
		{BF3D0026-AB4D-4D9A-ABFA-338E0212481C}.Release|x64.ActiveCfg = Release|Any CPU
		{BF3D0026-AB4D-4D9A-ABFA-338E0212481C}.Release|x64.Build.0 = Release|Any CPU
		{BF3D0026-AB4D-4D9A-ABFA-338E0212481C}.Release|x86.ActiveCfg = Release|Any CPU
		{BF3D0026-AB4D-4D9A-ABFA-338E0212481C}.Release|x86.Build.0 = Release|Any CPU
		{9E4C398C-9760-46BF-A321-6AABDD7F546C}.Debug|Any CPU.ActiveCfg = Debug|Any CPU
		{9E4C398C-9760-46BF-A321-6AABDD7F546C}.Debug|Any CPU.Build.0 = Debug|Any CPU
		{9E4C398C-9760-46BF-A321-6AABDD7F546C}.Debug|ARM.ActiveCfg = Debug|Any CPU
		{9E4C398C-9760-46BF-A321-6AABDD7F546C}.Debug|ARM.Build.0 = Debug|Any CPU
		{9E4C398C-9760-46BF-A321-6AABDD7F546C}.Debug|ARM64.ActiveCfg = Debug|Any CPU
		{9E4C398C-9760-46BF-A321-6AABDD7F546C}.Debug|ARM64.Build.0 = Debug|Any CPU
		{9E4C398C-9760-46BF-A321-6AABDD7F546C}.Debug|x64.ActiveCfg = Debug|x64
		{9E4C398C-9760-46BF-A321-6AABDD7F546C}.Debug|x64.Build.0 = Debug|x64
		{9E4C398C-9760-46BF-A321-6AABDD7F546C}.Debug|x86.ActiveCfg = Debug|Any CPU
		{9E4C398C-9760-46BF-A321-6AABDD7F546C}.Debug|x86.Build.0 = Debug|Any CPU
		{9E4C398C-9760-46BF-A321-6AABDD7F546C}.Pack|Any CPU.ActiveCfg = Debug|Any CPU
		{9E4C398C-9760-46BF-A321-6AABDD7F546C}.Pack|Any CPU.Build.0 = Debug|Any CPU
		{9E4C398C-9760-46BF-A321-6AABDD7F546C}.Pack|ARM.ActiveCfg = Debug|Any CPU
		{9E4C398C-9760-46BF-A321-6AABDD7F546C}.Pack|ARM.Build.0 = Debug|Any CPU
		{9E4C398C-9760-46BF-A321-6AABDD7F546C}.Pack|ARM64.ActiveCfg = Debug|Any CPU
		{9E4C398C-9760-46BF-A321-6AABDD7F546C}.Pack|ARM64.Build.0 = Debug|Any CPU
		{9E4C398C-9760-46BF-A321-6AABDD7F546C}.Pack|x64.ActiveCfg = Debug|x64
		{9E4C398C-9760-46BF-A321-6AABDD7F546C}.Pack|x64.Build.0 = Debug|x64
		{9E4C398C-9760-46BF-A321-6AABDD7F546C}.Pack|x86.ActiveCfg = Debug|Any CPU
		{9E4C398C-9760-46BF-A321-6AABDD7F546C}.Pack|x86.Build.0 = Debug|Any CPU
		{9E4C398C-9760-46BF-A321-6AABDD7F546C}.Release|Any CPU.ActiveCfg = Release|Any CPU
		{9E4C398C-9760-46BF-A321-6AABDD7F546C}.Release|Any CPU.Build.0 = Release|Any CPU
		{9E4C398C-9760-46BF-A321-6AABDD7F546C}.Release|ARM.ActiveCfg = Release|Any CPU
		{9E4C398C-9760-46BF-A321-6AABDD7F546C}.Release|ARM.Build.0 = Release|Any CPU
		{9E4C398C-9760-46BF-A321-6AABDD7F546C}.Release|ARM64.ActiveCfg = Release|Any CPU
		{9E4C398C-9760-46BF-A321-6AABDD7F546C}.Release|ARM64.Build.0 = Release|Any CPU
		{9E4C398C-9760-46BF-A321-6AABDD7F546C}.Release|x64.ActiveCfg = Release|x64
		{9E4C398C-9760-46BF-A321-6AABDD7F546C}.Release|x64.Build.0 = Release|x64
		{9E4C398C-9760-46BF-A321-6AABDD7F546C}.Release|x86.ActiveCfg = Release|Any CPU
		{9E4C398C-9760-46BF-A321-6AABDD7F546C}.Release|x86.Build.0 = Release|Any CPU
		{3A36AEDE-60C9-4521-BD51-FD8D8266FC68}.Debug|Any CPU.ActiveCfg = Debug|Any CPU
		{3A36AEDE-60C9-4521-BD51-FD8D8266FC68}.Debug|Any CPU.Build.0 = Debug|Any CPU
		{3A36AEDE-60C9-4521-BD51-FD8D8266FC68}.Debug|ARM.ActiveCfg = Debug|Any CPU
		{3A36AEDE-60C9-4521-BD51-FD8D8266FC68}.Debug|ARM.Build.0 = Debug|Any CPU
		{3A36AEDE-60C9-4521-BD51-FD8D8266FC68}.Debug|ARM64.ActiveCfg = Debug|Any CPU
		{3A36AEDE-60C9-4521-BD51-FD8D8266FC68}.Debug|ARM64.Build.0 = Debug|Any CPU
		{3A36AEDE-60C9-4521-BD51-FD8D8266FC68}.Debug|x64.ActiveCfg = Debug|x64
		{3A36AEDE-60C9-4521-BD51-FD8D8266FC68}.Debug|x64.Build.0 = Debug|x64
		{3A36AEDE-60C9-4521-BD51-FD8D8266FC68}.Debug|x86.ActiveCfg = Debug|Any CPU
		{3A36AEDE-60C9-4521-BD51-FD8D8266FC68}.Debug|x86.Build.0 = Debug|Any CPU
		{3A36AEDE-60C9-4521-BD51-FD8D8266FC68}.Pack|Any CPU.ActiveCfg = Debug|Any CPU
		{3A36AEDE-60C9-4521-BD51-FD8D8266FC68}.Pack|Any CPU.Build.0 = Debug|Any CPU
		{3A36AEDE-60C9-4521-BD51-FD8D8266FC68}.Pack|ARM.ActiveCfg = Debug|Any CPU
		{3A36AEDE-60C9-4521-BD51-FD8D8266FC68}.Pack|ARM.Build.0 = Debug|Any CPU
		{3A36AEDE-60C9-4521-BD51-FD8D8266FC68}.Pack|ARM64.ActiveCfg = Debug|Any CPU
		{3A36AEDE-60C9-4521-BD51-FD8D8266FC68}.Pack|ARM64.Build.0 = Debug|Any CPU
		{3A36AEDE-60C9-4521-BD51-FD8D8266FC68}.Pack|x64.ActiveCfg = Debug|x64
		{3A36AEDE-60C9-4521-BD51-FD8D8266FC68}.Pack|x64.Build.0 = Debug|x64
		{3A36AEDE-60C9-4521-BD51-FD8D8266FC68}.Pack|x86.ActiveCfg = Debug|Any CPU
		{3A36AEDE-60C9-4521-BD51-FD8D8266FC68}.Pack|x86.Build.0 = Debug|Any CPU
		{3A36AEDE-60C9-4521-BD51-FD8D8266FC68}.Release|Any CPU.ActiveCfg = Release|Any CPU
		{3A36AEDE-60C9-4521-BD51-FD8D8266FC68}.Release|Any CPU.Build.0 = Release|Any CPU
		{3A36AEDE-60C9-4521-BD51-FD8D8266FC68}.Release|ARM.ActiveCfg = Release|Any CPU
		{3A36AEDE-60C9-4521-BD51-FD8D8266FC68}.Release|ARM.Build.0 = Release|Any CPU
		{3A36AEDE-60C9-4521-BD51-FD8D8266FC68}.Release|ARM64.ActiveCfg = Release|Any CPU
		{3A36AEDE-60C9-4521-BD51-FD8D8266FC68}.Release|ARM64.Build.0 = Release|Any CPU
		{3A36AEDE-60C9-4521-BD51-FD8D8266FC68}.Release|x64.ActiveCfg = Release|x64
		{3A36AEDE-60C9-4521-BD51-FD8D8266FC68}.Release|x64.Build.0 = Release|x64
		{3A36AEDE-60C9-4521-BD51-FD8D8266FC68}.Release|x86.ActiveCfg = Release|Any CPU
		{3A36AEDE-60C9-4521-BD51-FD8D8266FC68}.Release|x86.Build.0 = Release|Any CPU
		{30FB0343-C524-4256-BD38-BFD5DD14BF42}.Debug|Any CPU.ActiveCfg = Debug|Any CPU
		{30FB0343-C524-4256-BD38-BFD5DD14BF42}.Debug|Any CPU.Build.0 = Debug|Any CPU
		{30FB0343-C524-4256-BD38-BFD5DD14BF42}.Debug|ARM.ActiveCfg = Debug|Any CPU
		{30FB0343-C524-4256-BD38-BFD5DD14BF42}.Debug|ARM.Build.0 = Debug|Any CPU
		{30FB0343-C524-4256-BD38-BFD5DD14BF42}.Debug|ARM64.ActiveCfg = Debug|Any CPU
		{30FB0343-C524-4256-BD38-BFD5DD14BF42}.Debug|ARM64.Build.0 = Debug|Any CPU
		{30FB0343-C524-4256-BD38-BFD5DD14BF42}.Debug|x64.ActiveCfg = Debug|x64
		{30FB0343-C524-4256-BD38-BFD5DD14BF42}.Debug|x64.Build.0 = Debug|x64
		{30FB0343-C524-4256-BD38-BFD5DD14BF42}.Debug|x86.ActiveCfg = Debug|Any CPU
		{30FB0343-C524-4256-BD38-BFD5DD14BF42}.Debug|x86.Build.0 = Debug|Any CPU
		{30FB0343-C524-4256-BD38-BFD5DD14BF42}.Pack|Any CPU.ActiveCfg = Debug|Any CPU
		{30FB0343-C524-4256-BD38-BFD5DD14BF42}.Pack|Any CPU.Build.0 = Debug|Any CPU
		{30FB0343-C524-4256-BD38-BFD5DD14BF42}.Pack|ARM.ActiveCfg = Debug|Any CPU
		{30FB0343-C524-4256-BD38-BFD5DD14BF42}.Pack|ARM.Build.0 = Debug|Any CPU
		{30FB0343-C524-4256-BD38-BFD5DD14BF42}.Pack|ARM64.ActiveCfg = Debug|Any CPU
		{30FB0343-C524-4256-BD38-BFD5DD14BF42}.Pack|ARM64.Build.0 = Debug|Any CPU
		{30FB0343-C524-4256-BD38-BFD5DD14BF42}.Pack|x64.ActiveCfg = Debug|x64
		{30FB0343-C524-4256-BD38-BFD5DD14BF42}.Pack|x64.Build.0 = Debug|x64
		{30FB0343-C524-4256-BD38-BFD5DD14BF42}.Pack|x86.ActiveCfg = Debug|Any CPU
		{30FB0343-C524-4256-BD38-BFD5DD14BF42}.Pack|x86.Build.0 = Debug|Any CPU
		{30FB0343-C524-4256-BD38-BFD5DD14BF42}.Release|Any CPU.ActiveCfg = Release|Any CPU
		{30FB0343-C524-4256-BD38-BFD5DD14BF42}.Release|Any CPU.Build.0 = Release|Any CPU
		{30FB0343-C524-4256-BD38-BFD5DD14BF42}.Release|ARM.ActiveCfg = Release|Any CPU
		{30FB0343-C524-4256-BD38-BFD5DD14BF42}.Release|ARM.Build.0 = Release|Any CPU
		{30FB0343-C524-4256-BD38-BFD5DD14BF42}.Release|ARM64.ActiveCfg = Release|Any CPU
		{30FB0343-C524-4256-BD38-BFD5DD14BF42}.Release|ARM64.Build.0 = Release|Any CPU
		{30FB0343-C524-4256-BD38-BFD5DD14BF42}.Release|x64.ActiveCfg = Release|x64
		{30FB0343-C524-4256-BD38-BFD5DD14BF42}.Release|x64.Build.0 = Release|x64
		{30FB0343-C524-4256-BD38-BFD5DD14BF42}.Release|x86.ActiveCfg = Release|Any CPU
		{30FB0343-C524-4256-BD38-BFD5DD14BF42}.Release|x86.Build.0 = Release|Any CPU
		{FADC754B-ECE1-4AD0-AFE8-258271A8E754}.Debug|Any CPU.ActiveCfg = Debug|Any CPU
		{FADC754B-ECE1-4AD0-AFE8-258271A8E754}.Debug|Any CPU.Build.0 = Debug|Any CPU
		{FADC754B-ECE1-4AD0-AFE8-258271A8E754}.Debug|ARM.ActiveCfg = Debug|Any CPU
		{FADC754B-ECE1-4AD0-AFE8-258271A8E754}.Debug|ARM.Build.0 = Debug|Any CPU
		{FADC754B-ECE1-4AD0-AFE8-258271A8E754}.Debug|ARM64.ActiveCfg = Debug|Any CPU
		{FADC754B-ECE1-4AD0-AFE8-258271A8E754}.Debug|ARM64.Build.0 = Debug|Any CPU
		{FADC754B-ECE1-4AD0-AFE8-258271A8E754}.Debug|x64.ActiveCfg = Debug|x64
		{FADC754B-ECE1-4AD0-AFE8-258271A8E754}.Debug|x64.Build.0 = Debug|x64
		{FADC754B-ECE1-4AD0-AFE8-258271A8E754}.Debug|x86.ActiveCfg = Debug|Any CPU
		{FADC754B-ECE1-4AD0-AFE8-258271A8E754}.Debug|x86.Build.0 = Debug|Any CPU
		{FADC754B-ECE1-4AD0-AFE8-258271A8E754}.Pack|Any CPU.ActiveCfg = Debug|Any CPU
		{FADC754B-ECE1-4AD0-AFE8-258271A8E754}.Pack|Any CPU.Build.0 = Debug|Any CPU
		{FADC754B-ECE1-4AD0-AFE8-258271A8E754}.Pack|ARM.ActiveCfg = Debug|Any CPU
		{FADC754B-ECE1-4AD0-AFE8-258271A8E754}.Pack|ARM.Build.0 = Debug|Any CPU
		{FADC754B-ECE1-4AD0-AFE8-258271A8E754}.Pack|ARM64.ActiveCfg = Debug|Any CPU
		{FADC754B-ECE1-4AD0-AFE8-258271A8E754}.Pack|ARM64.Build.0 = Debug|Any CPU
		{FADC754B-ECE1-4AD0-AFE8-258271A8E754}.Pack|x64.ActiveCfg = Debug|x64
		{FADC754B-ECE1-4AD0-AFE8-258271A8E754}.Pack|x64.Build.0 = Debug|x64
		{FADC754B-ECE1-4AD0-AFE8-258271A8E754}.Pack|x86.ActiveCfg = Debug|Any CPU
		{FADC754B-ECE1-4AD0-AFE8-258271A8E754}.Pack|x86.Build.0 = Debug|Any CPU
		{FADC754B-ECE1-4AD0-AFE8-258271A8E754}.Release|Any CPU.ActiveCfg = Release|Any CPU
		{FADC754B-ECE1-4AD0-AFE8-258271A8E754}.Release|Any CPU.Build.0 = Release|Any CPU
		{FADC754B-ECE1-4AD0-AFE8-258271A8E754}.Release|ARM.ActiveCfg = Release|Any CPU
		{FADC754B-ECE1-4AD0-AFE8-258271A8E754}.Release|ARM.Build.0 = Release|Any CPU
		{FADC754B-ECE1-4AD0-AFE8-258271A8E754}.Release|ARM64.ActiveCfg = Release|Any CPU
		{FADC754B-ECE1-4AD0-AFE8-258271A8E754}.Release|ARM64.Build.0 = Release|Any CPU
		{FADC754B-ECE1-4AD0-AFE8-258271A8E754}.Release|x64.ActiveCfg = Release|x64
		{FADC754B-ECE1-4AD0-AFE8-258271A8E754}.Release|x64.Build.0 = Release|x64
		{FADC754B-ECE1-4AD0-AFE8-258271A8E754}.Release|x86.ActiveCfg = Release|Any CPU
		{FADC754B-ECE1-4AD0-AFE8-258271A8E754}.Release|x86.Build.0 = Release|Any CPU
		{4372A04C-08C8-423B-9B88-C3F0E735FA3E}.Debug|Any CPU.ActiveCfg = Debug|Any CPU
		{4372A04C-08C8-423B-9B88-C3F0E735FA3E}.Debug|Any CPU.Build.0 = Debug|Any CPU
		{4372A04C-08C8-423B-9B88-C3F0E735FA3E}.Debug|ARM.ActiveCfg = Debug|Any CPU
		{4372A04C-08C8-423B-9B88-C3F0E735FA3E}.Debug|ARM.Build.0 = Debug|Any CPU
		{4372A04C-08C8-423B-9B88-C3F0E735FA3E}.Debug|ARM64.ActiveCfg = Debug|Any CPU
		{4372A04C-08C8-423B-9B88-C3F0E735FA3E}.Debug|ARM64.Build.0 = Debug|Any CPU
		{4372A04C-08C8-423B-9B88-C3F0E735FA3E}.Debug|x64.ActiveCfg = Debug|x64
		{4372A04C-08C8-423B-9B88-C3F0E735FA3E}.Debug|x64.Build.0 = Debug|x64
		{4372A04C-08C8-423B-9B88-C3F0E735FA3E}.Debug|x86.ActiveCfg = Debug|Any CPU
		{4372A04C-08C8-423B-9B88-C3F0E735FA3E}.Debug|x86.Build.0 = Debug|Any CPU
		{4372A04C-08C8-423B-9B88-C3F0E735FA3E}.Pack|Any CPU.ActiveCfg = Debug|Any CPU
		{4372A04C-08C8-423B-9B88-C3F0E735FA3E}.Pack|Any CPU.Build.0 = Debug|Any CPU
		{4372A04C-08C8-423B-9B88-C3F0E735FA3E}.Pack|ARM.ActiveCfg = Debug|Any CPU
		{4372A04C-08C8-423B-9B88-C3F0E735FA3E}.Pack|ARM.Build.0 = Debug|Any CPU
		{4372A04C-08C8-423B-9B88-C3F0E735FA3E}.Pack|ARM64.ActiveCfg = Debug|Any CPU
		{4372A04C-08C8-423B-9B88-C3F0E735FA3E}.Pack|ARM64.Build.0 = Debug|Any CPU
		{4372A04C-08C8-423B-9B88-C3F0E735FA3E}.Pack|x64.ActiveCfg = Debug|x64
		{4372A04C-08C8-423B-9B88-C3F0E735FA3E}.Pack|x64.Build.0 = Debug|x64
		{4372A04C-08C8-423B-9B88-C3F0E735FA3E}.Pack|x86.ActiveCfg = Debug|Any CPU
		{4372A04C-08C8-423B-9B88-C3F0E735FA3E}.Pack|x86.Build.0 = Debug|Any CPU
		{4372A04C-08C8-423B-9B88-C3F0E735FA3E}.Release|Any CPU.ActiveCfg = Release|Any CPU
		{4372A04C-08C8-423B-9B88-C3F0E735FA3E}.Release|Any CPU.Build.0 = Release|Any CPU
		{4372A04C-08C8-423B-9B88-C3F0E735FA3E}.Release|ARM.ActiveCfg = Release|Any CPU
		{4372A04C-08C8-423B-9B88-C3F0E735FA3E}.Release|ARM.Build.0 = Release|Any CPU
		{4372A04C-08C8-423B-9B88-C3F0E735FA3E}.Release|ARM64.ActiveCfg = Release|Any CPU
		{4372A04C-08C8-423B-9B88-C3F0E735FA3E}.Release|ARM64.Build.0 = Release|Any CPU
		{4372A04C-08C8-423B-9B88-C3F0E735FA3E}.Release|x64.ActiveCfg = Release|x64
		{4372A04C-08C8-423B-9B88-C3F0E735FA3E}.Release|x64.Build.0 = Release|x64
		{4372A04C-08C8-423B-9B88-C3F0E735FA3E}.Release|x86.ActiveCfg = Release|Any CPU
		{4372A04C-08C8-423B-9B88-C3F0E735FA3E}.Release|x86.Build.0 = Release|Any CPU
		{1F8CEA9C-9DA1-4AC5-9048-08C672AFDABF}.Debug|Any CPU.ActiveCfg = Debug|Any CPU
		{1F8CEA9C-9DA1-4AC5-9048-08C672AFDABF}.Debug|Any CPU.Build.0 = Debug|Any CPU
		{1F8CEA9C-9DA1-4AC5-9048-08C672AFDABF}.Debug|ARM.ActiveCfg = Debug|Any CPU
		{1F8CEA9C-9DA1-4AC5-9048-08C672AFDABF}.Debug|ARM.Build.0 = Debug|Any CPU
		{1F8CEA9C-9DA1-4AC5-9048-08C672AFDABF}.Debug|ARM64.ActiveCfg = Debug|Any CPU
		{1F8CEA9C-9DA1-4AC5-9048-08C672AFDABF}.Debug|ARM64.Build.0 = Debug|Any CPU
		{1F8CEA9C-9DA1-4AC5-9048-08C672AFDABF}.Debug|x64.ActiveCfg = Debug|x64
		{1F8CEA9C-9DA1-4AC5-9048-08C672AFDABF}.Debug|x64.Build.0 = Debug|x64
		{1F8CEA9C-9DA1-4AC5-9048-08C672AFDABF}.Debug|x86.ActiveCfg = Debug|Any CPU
		{1F8CEA9C-9DA1-4AC5-9048-08C672AFDABF}.Debug|x86.Build.0 = Debug|Any CPU
		{1F8CEA9C-9DA1-4AC5-9048-08C672AFDABF}.Pack|Any CPU.ActiveCfg = Debug|Any CPU
		{1F8CEA9C-9DA1-4AC5-9048-08C672AFDABF}.Pack|Any CPU.Build.0 = Debug|Any CPU
		{1F8CEA9C-9DA1-4AC5-9048-08C672AFDABF}.Pack|ARM.ActiveCfg = Debug|Any CPU
		{1F8CEA9C-9DA1-4AC5-9048-08C672AFDABF}.Pack|ARM.Build.0 = Debug|Any CPU
		{1F8CEA9C-9DA1-4AC5-9048-08C672AFDABF}.Pack|ARM64.ActiveCfg = Debug|Any CPU
		{1F8CEA9C-9DA1-4AC5-9048-08C672AFDABF}.Pack|ARM64.Build.0 = Debug|Any CPU
		{1F8CEA9C-9DA1-4AC5-9048-08C672AFDABF}.Pack|x64.ActiveCfg = Debug|x64
		{1F8CEA9C-9DA1-4AC5-9048-08C672AFDABF}.Pack|x64.Build.0 = Debug|x64
		{1F8CEA9C-9DA1-4AC5-9048-08C672AFDABF}.Pack|x86.ActiveCfg = Debug|Any CPU
		{1F8CEA9C-9DA1-4AC5-9048-08C672AFDABF}.Pack|x86.Build.0 = Debug|Any CPU
		{1F8CEA9C-9DA1-4AC5-9048-08C672AFDABF}.Release|Any CPU.ActiveCfg = Release|Any CPU
		{1F8CEA9C-9DA1-4AC5-9048-08C672AFDABF}.Release|Any CPU.Build.0 = Release|Any CPU
		{1F8CEA9C-9DA1-4AC5-9048-08C672AFDABF}.Release|ARM.ActiveCfg = Release|Any CPU
		{1F8CEA9C-9DA1-4AC5-9048-08C672AFDABF}.Release|ARM.Build.0 = Release|Any CPU
		{1F8CEA9C-9DA1-4AC5-9048-08C672AFDABF}.Release|ARM64.ActiveCfg = Release|Any CPU
		{1F8CEA9C-9DA1-4AC5-9048-08C672AFDABF}.Release|ARM64.Build.0 = Release|Any CPU
		{1F8CEA9C-9DA1-4AC5-9048-08C672AFDABF}.Release|x64.ActiveCfg = Release|x64
		{1F8CEA9C-9DA1-4AC5-9048-08C672AFDABF}.Release|x64.Build.0 = Release|x64
		{1F8CEA9C-9DA1-4AC5-9048-08C672AFDABF}.Release|x86.ActiveCfg = Release|Any CPU
		{1F8CEA9C-9DA1-4AC5-9048-08C672AFDABF}.Release|x86.Build.0 = Release|Any CPU
		{4CE1E286-A456-4B45-A1A8-1E7F0622A3B2}.Debug|Any CPU.ActiveCfg = Debug|Any CPU
		{4CE1E286-A456-4B45-A1A8-1E7F0622A3B2}.Debug|Any CPU.Build.0 = Debug|Any CPU
		{4CE1E286-A456-4B45-A1A8-1E7F0622A3B2}.Debug|ARM.ActiveCfg = Debug|Any CPU
		{4CE1E286-A456-4B45-A1A8-1E7F0622A3B2}.Debug|ARM.Build.0 = Debug|Any CPU
		{4CE1E286-A456-4B45-A1A8-1E7F0622A3B2}.Debug|ARM64.ActiveCfg = Debug|Any CPU
		{4CE1E286-A456-4B45-A1A8-1E7F0622A3B2}.Debug|ARM64.Build.0 = Debug|Any CPU
		{4CE1E286-A456-4B45-A1A8-1E7F0622A3B2}.Debug|x64.ActiveCfg = Debug|x64
		{4CE1E286-A456-4B45-A1A8-1E7F0622A3B2}.Debug|x64.Build.0 = Debug|x64
		{4CE1E286-A456-4B45-A1A8-1E7F0622A3B2}.Debug|x86.ActiveCfg = Debug|Any CPU
		{4CE1E286-A456-4B45-A1A8-1E7F0622A3B2}.Debug|x86.Build.0 = Debug|Any CPU
		{4CE1E286-A456-4B45-A1A8-1E7F0622A3B2}.Pack|Any CPU.ActiveCfg = Debug|Any CPU
		{4CE1E286-A456-4B45-A1A8-1E7F0622A3B2}.Pack|Any CPU.Build.0 = Debug|Any CPU
		{4CE1E286-A456-4B45-A1A8-1E7F0622A3B2}.Pack|ARM.ActiveCfg = Debug|Any CPU
		{4CE1E286-A456-4B45-A1A8-1E7F0622A3B2}.Pack|ARM.Build.0 = Debug|Any CPU
		{4CE1E286-A456-4B45-A1A8-1E7F0622A3B2}.Pack|ARM64.ActiveCfg = Debug|Any CPU
		{4CE1E286-A456-4B45-A1A8-1E7F0622A3B2}.Pack|ARM64.Build.0 = Debug|Any CPU
		{4CE1E286-A456-4B45-A1A8-1E7F0622A3B2}.Pack|x64.ActiveCfg = Debug|x64
		{4CE1E286-A456-4B45-A1A8-1E7F0622A3B2}.Pack|x64.Build.0 = Debug|x64
		{4CE1E286-A456-4B45-A1A8-1E7F0622A3B2}.Pack|x86.ActiveCfg = Debug|Any CPU
		{4CE1E286-A456-4B45-A1A8-1E7F0622A3B2}.Pack|x86.Build.0 = Debug|Any CPU
		{4CE1E286-A456-4B45-A1A8-1E7F0622A3B2}.Release|Any CPU.ActiveCfg = Release|Any CPU
		{4CE1E286-A456-4B45-A1A8-1E7F0622A3B2}.Release|Any CPU.Build.0 = Release|Any CPU
		{4CE1E286-A456-4B45-A1A8-1E7F0622A3B2}.Release|ARM.ActiveCfg = Release|Any CPU
		{4CE1E286-A456-4B45-A1A8-1E7F0622A3B2}.Release|ARM.Build.0 = Release|Any CPU
		{4CE1E286-A456-4B45-A1A8-1E7F0622A3B2}.Release|ARM64.ActiveCfg = Release|Any CPU
		{4CE1E286-A456-4B45-A1A8-1E7F0622A3B2}.Release|ARM64.Build.0 = Release|Any CPU
		{4CE1E286-A456-4B45-A1A8-1E7F0622A3B2}.Release|x64.ActiveCfg = Release|x64
		{4CE1E286-A456-4B45-A1A8-1E7F0622A3B2}.Release|x64.Build.0 = Release|x64
		{4CE1E286-A456-4B45-A1A8-1E7F0622A3B2}.Release|x86.ActiveCfg = Release|Any CPU
		{4CE1E286-A456-4B45-A1A8-1E7F0622A3B2}.Release|x86.Build.0 = Release|Any CPU
		{59D8E04F-38E3-408D-9156-7B25098AD205}.Debug|Any CPU.ActiveCfg = Debug|Any CPU
		{59D8E04F-38E3-408D-9156-7B25098AD205}.Debug|Any CPU.Build.0 = Debug|Any CPU
		{59D8E04F-38E3-408D-9156-7B25098AD205}.Debug|ARM.ActiveCfg = Debug|Any CPU
		{59D8E04F-38E3-408D-9156-7B25098AD205}.Debug|ARM.Build.0 = Debug|Any CPU
		{59D8E04F-38E3-408D-9156-7B25098AD205}.Debug|ARM64.ActiveCfg = Debug|Any CPU
		{59D8E04F-38E3-408D-9156-7B25098AD205}.Debug|ARM64.Build.0 = Debug|Any CPU
		{59D8E04F-38E3-408D-9156-7B25098AD205}.Debug|x64.ActiveCfg = Debug|x64
		{59D8E04F-38E3-408D-9156-7B25098AD205}.Debug|x64.Build.0 = Debug|x64
		{59D8E04F-38E3-408D-9156-7B25098AD205}.Debug|x86.ActiveCfg = Debug|Any CPU
		{59D8E04F-38E3-408D-9156-7B25098AD205}.Debug|x86.Build.0 = Debug|Any CPU
		{59D8E04F-38E3-408D-9156-7B25098AD205}.Pack|Any CPU.ActiveCfg = Debug|Any CPU
		{59D8E04F-38E3-408D-9156-7B25098AD205}.Pack|Any CPU.Build.0 = Debug|Any CPU
		{59D8E04F-38E3-408D-9156-7B25098AD205}.Pack|ARM.ActiveCfg = Debug|Any CPU
		{59D8E04F-38E3-408D-9156-7B25098AD205}.Pack|ARM.Build.0 = Debug|Any CPU
		{59D8E04F-38E3-408D-9156-7B25098AD205}.Pack|ARM64.ActiveCfg = Debug|Any CPU
		{59D8E04F-38E3-408D-9156-7B25098AD205}.Pack|ARM64.Build.0 = Debug|Any CPU
		{59D8E04F-38E3-408D-9156-7B25098AD205}.Pack|x64.ActiveCfg = Debug|x64
		{59D8E04F-38E3-408D-9156-7B25098AD205}.Pack|x64.Build.0 = Debug|x64
		{59D8E04F-38E3-408D-9156-7B25098AD205}.Pack|x86.ActiveCfg = Debug|Any CPU
		{59D8E04F-38E3-408D-9156-7B25098AD205}.Pack|x86.Build.0 = Debug|Any CPU
		{59D8E04F-38E3-408D-9156-7B25098AD205}.Release|Any CPU.ActiveCfg = Release|Any CPU
		{59D8E04F-38E3-408D-9156-7B25098AD205}.Release|Any CPU.Build.0 = Release|Any CPU
		{59D8E04F-38E3-408D-9156-7B25098AD205}.Release|ARM.ActiveCfg = Release|Any CPU
		{59D8E04F-38E3-408D-9156-7B25098AD205}.Release|ARM.Build.0 = Release|Any CPU
		{59D8E04F-38E3-408D-9156-7B25098AD205}.Release|ARM64.ActiveCfg = Release|Any CPU
		{59D8E04F-38E3-408D-9156-7B25098AD205}.Release|ARM64.Build.0 = Release|Any CPU
		{59D8E04F-38E3-408D-9156-7B25098AD205}.Release|x64.ActiveCfg = Release|x64
		{59D8E04F-38E3-408D-9156-7B25098AD205}.Release|x64.Build.0 = Release|x64
		{59D8E04F-38E3-408D-9156-7B25098AD205}.Release|x86.ActiveCfg = Release|Any CPU
		{59D8E04F-38E3-408D-9156-7B25098AD205}.Release|x86.Build.0 = Release|Any CPU
		{2FE1698F-404D-4930-96FE-177F16A3821A}.Debug|Any CPU.ActiveCfg = Debug|Any CPU
		{2FE1698F-404D-4930-96FE-177F16A3821A}.Debug|Any CPU.Build.0 = Debug|Any CPU
		{2FE1698F-404D-4930-96FE-177F16A3821A}.Debug|ARM.ActiveCfg = Debug|Any CPU
		{2FE1698F-404D-4930-96FE-177F16A3821A}.Debug|ARM.Build.0 = Debug|Any CPU
		{2FE1698F-404D-4930-96FE-177F16A3821A}.Debug|ARM64.ActiveCfg = Debug|Any CPU
		{2FE1698F-404D-4930-96FE-177F16A3821A}.Debug|ARM64.Build.0 = Debug|Any CPU
		{2FE1698F-404D-4930-96FE-177F16A3821A}.Debug|x64.ActiveCfg = Debug|Any CPU
		{2FE1698F-404D-4930-96FE-177F16A3821A}.Debug|x64.Build.0 = Debug|Any CPU
		{2FE1698F-404D-4930-96FE-177F16A3821A}.Debug|x86.ActiveCfg = Debug|Any CPU
		{2FE1698F-404D-4930-96FE-177F16A3821A}.Debug|x86.Build.0 = Debug|Any CPU
		{2FE1698F-404D-4930-96FE-177F16A3821A}.Pack|Any CPU.ActiveCfg = Debug|Any CPU
		{2FE1698F-404D-4930-96FE-177F16A3821A}.Pack|Any CPU.Build.0 = Debug|Any CPU
		{2FE1698F-404D-4930-96FE-177F16A3821A}.Pack|ARM.ActiveCfg = Debug|Any CPU
		{2FE1698F-404D-4930-96FE-177F16A3821A}.Pack|ARM.Build.0 = Debug|Any CPU
		{2FE1698F-404D-4930-96FE-177F16A3821A}.Pack|ARM64.ActiveCfg = Debug|Any CPU
		{2FE1698F-404D-4930-96FE-177F16A3821A}.Pack|ARM64.Build.0 = Debug|Any CPU
		{2FE1698F-404D-4930-96FE-177F16A3821A}.Pack|x64.ActiveCfg = Debug|Any CPU
		{2FE1698F-404D-4930-96FE-177F16A3821A}.Pack|x64.Build.0 = Debug|Any CPU
		{2FE1698F-404D-4930-96FE-177F16A3821A}.Pack|x86.ActiveCfg = Debug|Any CPU
		{2FE1698F-404D-4930-96FE-177F16A3821A}.Pack|x86.Build.0 = Debug|Any CPU
		{2FE1698F-404D-4930-96FE-177F16A3821A}.Release|Any CPU.ActiveCfg = Release|Any CPU
		{2FE1698F-404D-4930-96FE-177F16A3821A}.Release|Any CPU.Build.0 = Release|Any CPU
		{2FE1698F-404D-4930-96FE-177F16A3821A}.Release|ARM.ActiveCfg = Release|Any CPU
		{2FE1698F-404D-4930-96FE-177F16A3821A}.Release|ARM.Build.0 = Release|Any CPU
		{2FE1698F-404D-4930-96FE-177F16A3821A}.Release|ARM64.ActiveCfg = Release|Any CPU
		{2FE1698F-404D-4930-96FE-177F16A3821A}.Release|ARM64.Build.0 = Release|Any CPU
		{2FE1698F-404D-4930-96FE-177F16A3821A}.Release|x64.ActiveCfg = Release|Any CPU
		{2FE1698F-404D-4930-96FE-177F16A3821A}.Release|x64.Build.0 = Release|Any CPU
		{2FE1698F-404D-4930-96FE-177F16A3821A}.Release|x86.ActiveCfg = Release|Any CPU
		{2FE1698F-404D-4930-96FE-177F16A3821A}.Release|x86.Build.0 = Release|Any CPU
	EndGlobalSection
	GlobalSection(SolutionProperties) = preSolution
		HideSolutionNode = FALSE
	EndGlobalSection
	GlobalSection(NestedProjects) = preSolution
		{ABA7002F-5C9D-4D78-B167-EBB25706B3AB} = {8504AAF8-EB4C-4EE7-9DB0-AF727E9420CA}
		{BF3D0026-AB4D-4D9A-ABFA-338E0212481C} = {8504AAF8-EB4C-4EE7-9DB0-AF727E9420CA}
		{9E4C398C-9760-46BF-A321-6AABDD7F546C} = {47779BB9-848A-4D16-9ED5-C9F15720D3FF}
		{3A36AEDE-60C9-4521-BD51-FD8D8266FC68} = {47779BB9-848A-4D16-9ED5-C9F15720D3FF}
		{30FB0343-C524-4256-BD38-BFD5DD14BF42} = {47779BB9-848A-4D16-9ED5-C9F15720D3FF}
		{FADC754B-ECE1-4AD0-AFE8-258271A8E754} = {47779BB9-848A-4D16-9ED5-C9F15720D3FF}
		{4372A04C-08C8-423B-9B88-C3F0E735FA3E} = {47779BB9-848A-4D16-9ED5-C9F15720D3FF}
		{1F8CEA9C-9DA1-4AC5-9048-08C672AFDABF} = {47779BB9-848A-4D16-9ED5-C9F15720D3FF}
		{4CE1E286-A456-4B45-A1A8-1E7F0622A3B2} = {47779BB9-848A-4D16-9ED5-C9F15720D3FF}
		{59D8E04F-38E3-408D-9156-7B25098AD205} = {47779BB9-848A-4D16-9ED5-C9F15720D3FF}
		{2FE1698F-404D-4930-96FE-177F16A3821A} = {8504AAF8-EB4C-4EE7-9DB0-AF727E9420CA}
	EndGlobalSection
	GlobalSection(ExtensibilityGlobals) = postSolution
		SolutionGuid = {72FE0CD9-A88E-4ECD-9078-99C6632E304C}
	EndGlobalSection
EndGlobal
