
Microsoft Visual Studio Solution File, Format Version 12.00
# Visual Studio Version 18
VisualStudioVersion = 18.1.11312.151 d18.0
MinimumVisualStudioVersion = 10.0.40219.1
Project("{9A19103F-16F7-4668-BE54-9A1E7A4F7556}") = "WizBulb", "WizBulb\WizBulb.csproj", "{ABA7002F-5C9D-4D78-B167-EBB25706B3AB}"
EndProject
Project("{2150E333-8FDC-42A3-9474-1A3956D46DE8}") = "Wiz", "Wiz", "{8504AAF8-EB4C-4EE7-9DB0-AF727E9420CA}"
EndProject
Project("{9A19103F-16F7-4668-BE54-9A1E7A4F7556}") = "WiZ", "WiZ\WiZ.csproj", "{BF3D0026-AB4D-4D9A-ABFA-338E0212481C}"
EndProject
Global
	GlobalSection(SolutionConfigurationPlatforms) = preSolution
		Debug|Any CPU = Debug|Any CPU
		Debug|ARM = Debug|ARM
		Debug|ARM64 = Debug|ARM64
		Debug|x64 = Debug|x64
		Debug|x86 = Debug|x86
		Pack|Any CPU = Pack|Any CPU
		Pack|ARM = Pack|ARM
		Pack|ARM64 = Pack|ARM64
		Pack|x64 = Pack|x64
		Pack|x86 = Pack|x86
		Release|Any CPU = Release|Any CPU
		Release|ARM = Release|ARM
		Release|ARM64 = Release|ARM64
		Release|x64 = Release|x64
		Release|x86 = Release|x86
	EndGlobalSection
	GlobalSection(ProjectConfigurationPlatforms) = postSolution
		{ABA7002F-5C9D-4D78-B167-EBB25706B3AB}.Debug|Any CPU.ActiveCfg = Debug|Any CPU
		{ABA7002F-5C9D-4D78-B167-EBB25706B3AB}.Debug|Any CPU.Build.0 = Debug|Any CPU
		{ABA7002F-5C9D-4D78-B167-EBB25706B3AB}.Debug|ARM.ActiveCfg = Debug|Any CPU
		{ABA7002F-5C9D-4D78-B167-EBB25706B3AB}.Debug|ARM.Build.0 = Debug|Any CPU
		{ABA7002F-5C9D-4D78-B167-EBB25706B3AB}.Debug|ARM64.ActiveCfg = Debug|Any CPU
		{ABA7002F-5C9D-4D78-B167-EBB25706B3AB}.Debug|ARM64.Build.0 = Debug|Any CPU
		{ABA7002F-5C9D-4D78-B167-EBB25706B3AB}.Debug|x64.ActiveCfg = Debug|x64
		{ABA7002F-5C9D-4D78-B167-EBB25706B3AB}.Debug|x64.Build.0 = Debug|x64
		{ABA7002F-5C9D-4D78-B167-EBB25706B3AB}.Debug|x86.ActiveCfg = Debug|Any CPU
		{ABA7002F-5C9D-4D78-B167-EBB25706B3AB}.Debug|x86.Build.0 = Debug|Any CPU
		{ABA7002F-5C9D-4D78-B167-EBB25706B3AB}.Pack|Any CPU.ActiveCfg = Release|Any CPU
		{ABA7002F-5C9D-4D78-B167-EBB25706B3AB}.Pack|Any CPU.Build.0 = Release|Any CPU
		{ABA7002F-5C9D-4D78-B167-EBB25706B3AB}.Pack|ARM.ActiveCfg = Release|Any CPU
		{ABA7002F-5C9D-4D78-B167-EBB25706B3AB}.Pack|ARM.Build.0 = Release|Any CPU
		{ABA7002F-5C9D-4D78-B167-EBB25706B3AB}.Pack|ARM64.ActiveCfg = Release|Any CPU
		{ABA7002F-5C9D-4D78-B167-EBB25706B3AB}.Pack|ARM64.Build.0 = Release|Any CPU
		{ABA7002F-5C9D-4D78-B167-EBB25706B3AB}.Pack|x64.ActiveCfg = Release|x64
		{ABA7002F-5C9D-4D78-B167-EBB25706B3AB}.Pack|x64.Build.0 = Release|x64
		{ABA7002F-5C9D-4D78-B167-EBB25706B3AB}.Pack|x86.ActiveCfg = Debug|x86
		{ABA7002F-5C9D-4D78-B167-EBB25706B3AB}.Pack|x86.Build.0 = Debug|x86
		{ABA7002F-5C9D-4D78-B167-EBB25706B3AB}.Release|Any CPU.ActiveCfg = Release|Any CPU
		{ABA7002F-5C9D-4D78-B167-EBB25706B3AB}.Release|Any CPU.Build.0 = Release|Any CPU
		{ABA7002F-5C9D-4D78-B167-EBB25706B3AB}.Release|ARM.ActiveCfg = Release|Any CPU
		{ABA7002F-5C9D-4D78-B167-EBB25706B3AB}.Release|ARM.Build.0 = Release|Any CPU
		{ABA7002F-5C9D-4D78-B167-EBB25706B3AB}.Release|ARM64.ActiveCfg = Release|Any CPU
		{ABA7002F-5C9D-4D78-B167-EBB25706B3AB}.Release|ARM64.Build.0 = Release|Any CPU
		{ABA7002F-5C9D-4D78-B167-EBB25706B3AB}.Release|x64.ActiveCfg = Release|Any CPU
		{ABA7002F-5C9D-4D78-B167-EBB25706B3AB}.Release|x64.Build.0 = Release|Any CPU
		{ABA7002F-5C9D-4D78-B167-EBB25706B3AB}.Release|x86.ActiveCfg = Release|Any CPU
		{ABA7002F-5C9D-4D78-B167-EBB25706B3AB}.Release|x86.Build.0 = Release|Any CPU
		{BF3D0026-AB4D-4D9A-ABFA-338E0212481C}.Debug|Any CPU.ActiveCfg = Debug|Any CPU
		{BF3D0026-AB4D-4D9A-ABFA-338E0212481C}.Debug|Any CPU.Build.0 = Debug|Any CPU
		{BF3D0026-AB4D-4D9A-ABFA-338E0212481C}.Debug|ARM.ActiveCfg = Debug|Any CPU
		{BF3D0026-AB4D-4D9A-ABFA-338E0212481C}.Debug|ARM.Build.0 = Debug|Any CPU
		{BF3D0026-AB4D-4D9A-ABFA-338E0212481C}.Debug|ARM64.ActiveCfg = Debug|Any CPU
		{BF3D0026-AB4D-4D9A-ABFA-338E0212481C}.Debug|ARM64.Build.0 = Debug|Any CPU
		{BF3D0026-AB4D-4D9A-ABFA-338E0212481C}.Debug|x64.ActiveCfg = Debug|Any CPU
		{BF3D0026-AB4D-4D9A-ABFA-338E0212481C}.Debug|x64.Build.0 = Debug|Any CPU
		{BF3D0026-AB4D-4D9A-ABFA-338E0212481C}.Debug|x86.ActiveCfg = Debug|Any CPU
		{BF3D0026-AB4D-4D9A-ABFA-338E0212481C}.Debug|x86.Build.0 = Debug|Any CPU
		{BF3D0026-AB4D-4D9A-ABFA-338E0212481C}.Pack|Any CPU.ActiveCfg = Release|Any CPU
		{BF3D0026-AB4D-4D9A-ABFA-338E0212481C}.Pack|Any CPU.Build.0 = Release|Any CPU
		{BF3D0026-AB4D-4D9A-ABFA-338E0212481C}.Pack|ARM.ActiveCfg = Release|Any CPU
		{BF3D0026-AB4D-4D9A-ABFA-338E0212481C}.Pack|ARM.Build.0 = Release|Any CPU
		{BF3D0026-AB4D-4D9A-ABFA-338E0212481C}.Pack|ARM64.ActiveCfg = Release|Any CPU
		{BF3D0026-AB4D-4D9A-ABFA-338E0212481C}.Pack|ARM64.Build.0 = Release|Any CPU
		{BF3D0026-AB4D-4D9A-ABFA-338E0212481C}.Pack|x64.ActiveCfg = Release|Any CPU
		{BF3D0026-AB4D-4D9A-ABFA-338E0212481C}.Pack|x64.Build.0 = Release|Any CPU
		{BF3D0026-AB4D-4D9A-ABFA-338E0212481C}.Pack|x86.ActiveCfg = Release|Any CPU
		{BF3D0026-AB4D-4D9A-ABFA-338E0212481C}.Pack|x86.Build.0 = Release|Any CPU
		{BF3D0026-AB4D-4D9A-ABFA-338E0212481C}.Release|Any CPU.ActiveCfg = Release|Any CPU
		{BF3D0026-AB4D-4D9A-ABFA-338E0212481C}.Release|Any CPU.Build.0 = Release|Any CPU
		{BF3D0026-AB4D-4D9A-ABFA-338E0212481C}.Release|ARM.ActiveCfg = Release|Any CPU
		{BF3D0026-AB4D-4D9A-ABFA-338E0212481C}.Release|ARM.Build.0 = Release|Any CPU
		{BF3D0026-AB4D-4D9A-ABFA-338E0212481C}.Release|ARM64.ActiveCfg = Release|Any CPU
		{BF3D0026-AB4D-4D9A-ABFA-338E0212481C}.Release|ARM64.Build.0 = Release|Any CPU
		{BF3D0026-AB4D-4D9A-ABFA-338E0212481C}.Release|x64.ActiveCfg = Release|Any CPU
		{BF3D0026-AB4D-4D9A-ABFA-338E0212481C}.Release|x64.Build.0 = Release|Any CPU
		{BF3D0026-AB4D-4D9A-ABFA-338E0212481C}.Release|x86.ActiveCfg = Release|Any CPU
		{BF3D0026-AB4D-4D9A-ABFA-338E0212481C}.Release|x86.Build.0 = Release|Any CPU
	EndGlobalSection
	GlobalSection(SolutionProperties) = preSolution
		HideSolutionNode = FALSE
	EndGlobalSection
	GlobalSection(NestedProjects) = preSolution
		{ABA7002F-5C9D-4D78-B167-EBB25706B3AB} = {8504AAF8-EB4C-4EE7-9DB0-AF727E9420CA}
		{BF3D0026-AB4D-4D9A-ABFA-338E0212481C} = {8504AAF8-EB4C-4EE7-9DB0-AF727E9420CA}
	EndGlobalSection
	GlobalSection(ExtensibilityGlobals) = postSolution
		SolutionGuid = {72FE0CD9-A88E-4ECD-9078-99C6632E304C}
	EndGlobalSection
EndGlobal
